{
  "version": 4,
  "terraform_version": "1.12.2",
  "serial": 298,
  "lineage": "e5b390ec-7d04-c6b8-4105-c9768ed74d42",
  "outputs": {
    "alb_security_group_id": {
      "value": "sg-0747488dfa76105b7",
      "type": "string"
    },
    "application_url": {
      "value": "http://laravel-blog-alb-941765149.us-east-1.elb.amazonaws.com",
      "type": "string"
    },
    "aws_region": {
      "value": "us-east-1",
      "type": "string"
    },
    "database_endpoint": {
      "value": "laravel-blog-db.cerysymw6zhx.us-east-1.rds.amazonaws.com:3306",
      "type": "string",
      "sensitive": true
    },
    "database_port": {
      "value": 3306,
      "type": "number"
    },
    "ecr_repository_url": {
      "value": "401744924043.dkr.ecr.us-east-1.amazonaws.com/laravel-blog-app",
      "type": "string"
    },
    "ecs_cluster_name": {
      "value": "laravel-blog-cluster",
      "type": "string"
    },
    "ecs_security_group_id": {
      "value": "sg-01d1fd8ea10dad6db",
      "type": "string"
    },
    "ecs_service_name": {
      "value": "laravel-blog-service",
      "type": "string"
    },
    "load_balancer_arn": {
      "value": "arn:aws:elasticloadbalancing:us-east-1:401744924043:loadbalancer/app/laravel-blog-alb/efdce347cb63906e",
      "type": "string"
    },
    "load_balancer_dns_name": {
      "value": "laravel-blog-alb-941765149.us-east-1.elb.amazonaws.com",
      "type": "string"
    },
    "load_balancer_zone_id": {
      "value": "Z35SXDOTRQ7X7K",
      "type": "string"
    },
    "opensearch_dashboard_endpoint": {
      "value": "vpc-laravel-blog-opensearch-x7uhqkiyjq5ybtmhn2xtnlwusa.us-east-1.es.amazonaws.com/_dashboards",
      "type": "string",
      "sensitive": true
    },
    "opensearch_endpoint": {
      "value": "vpc-laravel-blog-opensearch-x7uhqkiyjq5ybtmhn2xtnlwusa.us-east-1.es.amazonaws.com",
      "type": "string",
      "sensitive": true
    },
    "opensearch_security_group_id": {
      "value": "sg-0043d4b681746cf16",
      "type": "string"
    },
    "private_subnet_ids": {
      "value": [
        "subnet-09a46c72faa1e2843",
        "subnet-06bbf053ef59f7a19"
      ],
      "type": [
        "tuple",
        [
          "string",
          "string"
        ]
      ]
    },
    "project_name": {
      "value": "laravel-blog",
      "type": "string"
    },
    "public_subnet_ids": {
      "value": [
        "subnet-0b349d6b1a08aa6d8",
        "subnet-08b2c43f022d89b59"
      ],
      "type": [
        "tuple",
        [
          "string",
          "string"
        ]
      ]
    },
    "rds_security_group_id": {
      "value": "sg-0111e3cfc94ea6870",
      "type": "string"
    },
    "redis_endpoint": {
      "value": "master.laravel-blog-redis.jxxq2a.use1.cache.amazonaws.com",
      "type": "string",
      "sensitive": true
    },
    "redis_port": {
      "value": 6379,
      "type": "number"
    },
    "redis_security_group_id": {
      "value": "sg-0a9a592e3dd3803a3",
      "type": "string"
    },
    "s3_bucket_arn": {
      "value": "arn:aws:s3:::laravel-blog-app-storage-cc5fovq5",
      "type": "string"
    },
    "s3_bucket_domain_name": {
      "value": "laravel-blog-app-storage-cc5fovq5.s3.amazonaws.com",
      "type": "string"
    },
    "s3_bucket_name": {
      "value": "laravel-blog-app-storage-cc5fovq5",
      "type": "string"
    },
    "s3_bucket_regional_domain_name": {
      "value": "laravel-blog-app-storage-cc5fovq5.s3.us-east-1.amazonaws.com",
      "type": "string"
    },
    "vpc_id": {
      "value": "vpc-0a326050b0509a5a0",
      "type": "string"
    }
  },
  "resources": [
    {
      "mode": "data",
      "type": "aws_availability_zones",
      "name": "available",
      "provider": "provider[\"registry.terraform.io/hashicorp/aws\"]",
      "instances": [
        {
          "schema_version": 0,
          "attributes": {
            "all_availability_zones": null,
            "exclude_names": null,
            "exclude_zone_ids": null,
            "filter": null,
            "group_names": [
              "us-east-1-zg-1"
            ],
            "id": "us-east-1",
            "names": [
              "us-east-1a",
              "us-east-1b",
              "us-east-1c",
              "us-east-1d",
              "us-east-1e",
              "us-east-1f"
            ],
            "state": "available",
            "timeouts": null,
            "zone_ids": [
              "use1-az6",
              "use1-az1",
              "use1-az2",
              "use1-az4",
              "use1-az3",
              "use1-az5"
            ]
          },
          "sensitive_attributes": [],
          "identity_schema_version": 0
        }
      ]
    },
    {
      "mode": "data",
      "type": "aws_iam_policy_document",
      "name": "opensearch_access_policy",
      "provider": "provider[\"registry.terraform.io/hashicorp/aws\"]",
      "instances": [
        {
          "schema_version": 0,
          "attributes": {
            "id": "3475791317",
            "json": "{\n  \"Version\": \"2012-10-17\",\n  \"Statement\": [\n    {\n      \"Effect\": \"Allow\",\n      \"Action\": \"es:*\",\n      \"Resource\": \"arn:aws:es:us-east-1:*:domain/laravel-blog-opensearch/*\",\n      \"Principal\": \"*\"\n    }\n  ]\n}",
            "minified_json": "{\"Version\":\"2012-10-17\",\"Statement\":[{\"Effect\":\"Allow\",\"Action\":\"es:*\",\"Resource\":\"arn:aws:es:us-east-1:*:domain/laravel-blog-opensearch/*\",\"Principal\":\"*\"}]}",
            "override_json": null,
            "override_policy_documents": null,
            "policy_id": null,
            "source_json": null,
            "source_policy_documents": null,
            "statement": [
              {
                "actions": [
                  "es:*"
                ],
                "condition": [],
                "effect": "Allow",
                "not_actions": [],
                "not_principals": [],
                "not_resources": [],
                "principals": [
                  {
                    "identifiers": [
                      "*"
                    ],
                    "type": "*"
                  }
                ],
                "resources": [
                  "arn:aws:es:us-east-1:*:domain/laravel-blog-opensearch/*"
                ],
                "sid": ""
              }
            ],
            "version": "2012-10-17"
          },
          "sensitive_attributes": [],
          "identity_schema_version": 0
        }
      ]
    },
    {
      "mode": "managed",
      "type": "aws_cloudwatch_log_group",
      "name": "app",
      "provider": "provider[\"registry.terraform.io/hashicorp/aws\"]",
      "instances": [
        {
          "schema_version": 0,
          "attributes": {
            "arn": "arn:aws:logs:us-east-1:401744924043:log-group:/ecs/laravel-blog",
            "id": "/ecs/laravel-blog",
            "kms_key_id": "",
            "log_group_class": "STANDARD",
            "name": "/ecs/laravel-blog",
            "name_prefix": "",
            "retention_in_days": 7,
            "skip_destroy": false,
            "tags": {
              "Name": "laravel-blog-log-group"
            },
            "tags_all": {
              "ManagedBy": "Terraform",
              "Name": "laravel-blog-log-group",
              "Project": "laravel-blog"
            }
          },
          "sensitive_attributes": [],
          "identity_schema_version": 0,
          "private": "bnVsbA=="
        }
      ]
    },
    {
      "mode": "managed",
      "type": "aws_cloudwatch_log_group",
      "name": "opensearch",
      "provider": "provider[\"registry.terraform.io/hashicorp/aws\"]",
      "instances": [
        {
          "schema_version": 0,
          "attributes": {
            "arn": "arn:aws:logs:us-east-1:401744924043:log-group:/aws/opensearch/domains/laravel-blog-opensearch/index-slow-logs",
            "id": "/aws/opensearch/domains/laravel-blog-opensearch/index-slow-logs",
            "kms_key_id": "",
            "log_group_class": "STANDARD",
            "name": "/aws/opensearch/domains/laravel-blog-opensearch/index-slow-logs",
            "name_prefix": "",
            "retention_in_days": 7,
            "skip_destroy": false,
            "tags": {
              "Name": "laravel-blog-opensearch-slow-logs"
            },
            "tags_all": {
              "ManagedBy": "Terraform",
              "Name": "laravel-blog-opensearch-slow-logs",
              "Project": "laravel-blog"
            }
          },
          "sensitive_attributes": [],
          "identity_schema_version": 0,
          "private": "bnVsbA=="
        }
      ]
    },
    {
      "mode": "managed",
      "type": "aws_cloudwatch_log_group",
      "name": "opensearch_application",
      "provider": "provider[\"registry.terraform.io/hashicorp/aws\"]",
      "instances": [
        {
          "schema_version": 0,
          "attributes": {
            "arn": "arn:aws:logs:us-east-1:401744924043:log-group:/aws/opensearch/domains/laravel-blog-opensearch/application-logs",
            "id": "/aws/opensearch/domains/laravel-blog-opensearch/application-logs",
            "kms_key_id": "",
            "log_group_class": "STANDARD",
            "name": "/aws/opensearch/domains/laravel-blog-opensearch/application-logs",
            "name_prefix": "",
            "retention_in_days": 7,
            "skip_destroy": false,
            "tags": {
              "Name": "laravel-blog-opensearch-app-logs"
            },
            "tags_all": {
              "ManagedBy": "Terraform",
              "Name": "laravel-blog-opensearch-app-logs",
              "Project": "laravel-blog"
            }
          },
          "sensitive_attributes": [],
          "identity_schema_version": 0,
          "private": "bnVsbA=="
        }
      ]
    },
    {
      "mode": "managed",
      "type": "aws_cloudwatch_log_resource_policy",
      "name": "opensearch",
      "provider": "provider[\"registry.terraform.io/hashicorp/aws\"]",
      "instances": [
        {
          "schema_version": 0,
          "attributes": {
            "id": "laravel-blog-opensearch-logs-policy",
            "policy_document": "{\"Statement\":[{\"Action\":[\"logs:PutLogEvents\",\"logs:CreateLogGroup\",\"logs:CreateLogStream\",\"logs:PutRetentionPolicy\"],\"Effect\":\"Allow\",\"Principal\":{\"Service\":\"es.amazonaws.com\"},\"Resource\":[\"arn:aws:logs:us-east-1:*:log-group:/aws/opensearch/domains/laravel-blog-opensearch/*\"]}],\"Version\":\"2012-10-17\"}",
            "policy_name": "laravel-blog-opensearch-logs-policy"
          },
          "sensitive_attributes": [],
          "identity_schema_version": 0,
          "private": "bnVsbA=="
        }
      ]
    },
    {
      "mode": "managed",
      "type": "aws_db_instance",
      "name": "main",
      "provider": "provider[\"registry.terraform.io/hashicorp/aws\"]",
      "instances": [
        {
          "schema_version": 2,
          "attributes": {
            "address": "laravel-blog-db.cerysymw6zhx.us-east-1.rds.amazonaws.com",
            "allocated_storage": 20,
            "allow_major_version_upgrade": null,
            "apply_immediately": false,
            "arn": "arn:aws:rds:us-east-1:401744924043:db:laravel-blog-db",
            "auto_minor_version_upgrade": true,
            "availability_zone": "us-east-1b",
            "backup_retention_period": 7,
            "backup_target": "region",
            "backup_window": "03:00-04:00",
            "blue_green_update": [],
            "ca_cert_identifier": "rds-ca-rsa2048-g1",
            "character_set_name": "",
            "copy_tags_to_snapshot": false,
            "custom_iam_instance_profile": "",
            "customer_owned_ip_enabled": false,
            "database_insights_mode": "standard",
            "db_name": "laravel_blog",
            "db_subnet_group_name": "laravel-blog-db-subnet-group",
            "dedicated_log_volume": false,
            "delete_automated_backups": true,
            "deletion_protection": true,
            "domain": "",
            "domain_auth_secret_arn": "",
            "domain_dns_ips": [],
            "domain_fqdn": "",
            "domain_iam_role_name": "",
            "domain_ou": "",
            "enabled_cloudwatch_logs_exports": [],
            "endpoint": "laravel-blog-db.cerysymw6zhx.us-east-1.rds.amazonaws.com:3306",
            "engine": "mysql",
            "engine_lifecycle_support": "open-source-rds-extended-support",
            "engine_version": "8.0",
            "engine_version_actual": "8.0.41",
            "final_snapshot_identifier": null,
            "hosted_zone_id": "Z2R2ITUGPM61AM",
            "iam_database_authentication_enabled": false,
            "id": "db-SZNZ4XDGJ2X72W5XNJY4FYME3E",
            "identifier": "laravel-blog-db",
            "identifier_prefix": "",
            "instance_class": "db.t3.micro",
            "iops": 0,
            "kms_key_id": "arn:aws:kms:us-east-1:401744924043:key/8e9e9920-dc8e-449a-af8b-9ccaca15640e",
            "latest_restorable_time": "2025-06-23T07:00:01Z",
            "license_model": "general-public-license",
            "listener_endpoint": [],
            "maintenance_window": "sun:04:00-sun:05:00",
            "manage_master_user_password": null,
            "master_user_secret": [],
            "master_user_secret_kms_key_id": null,
            "max_allocated_storage": 0,
            "monitoring_interval": 60,
            "monitoring_role_arn": "arn:aws:iam::401744924043:role/laravel-blog-rds-monitoring-role",
            "multi_az": false,
            "nchar_character_set_name": "",
            "network_type": "IPV4",
            "option_group_name": "default:mysql-8-0",
            "parameter_group_name": "laravel-blog-db-params",
            "password": "MySecurePassword12345",
            "password_wo": null,
            "password_wo_version": null,
            "performance_insights_enabled": false,
            "performance_insights_kms_key_id": "",
            "performance_insights_retention_period": 0,
            "port": 3306,
            "publicly_accessible": false,
            "replica_mode": "",
            "replicas": [],
            "replicate_source_db": "",
            "resource_id": "db-SZNZ4XDGJ2X72W5XNJY4FYME3E",
            "restore_to_point_in_time": [],
            "s3_import": [],
            "skip_final_snapshot": false,
            "snapshot_identifier": null,
            "status": "available",
            "storage_encrypted": true,
            "storage_throughput": 0,
            "storage_type": "gp2",
            "tags": {
              "Name": "laravel-blog-database"
            },
            "tags_all": {
              "ManagedBy": "Terraform",
              "Name": "laravel-blog-database",
              "Project": "laravel-blog"
            },
            "timeouts": null,
            "timezone": "",
            "upgrade_storage_config": null,
            "username": "laraveluser",
            "vpc_security_group_ids": [
              "sg-0111e3cfc94ea6870"
            ]
          },
          "sensitive_attributes": [
            [
              {
                "type": "get_attr",
                "value": "password"
              }
            ],
            [
              {
                "type": "get_attr",
                "value": "password_wo"
              }
            ]
          ],
          "identity_schema_version": 0,
          "private": "eyJlMmJmYjczMC1lY2FhLTExZTYtOGY4OC0zNDM2M2JjN2M0YzAiOnsiY3JlYXRlIjozMDAwMDAwMDAwMDAwLCJkZWxldGUiOjM2MDAwMDAwMDAwMDAsInVwZGF0ZSI6NDgwMDAwMDAwMDAwMH0sInNjaGVtYV92ZXJzaW9uIjoiMiJ9",
          "dependencies": [
            "aws_db_parameter_group.main",
            "aws_db_subnet_group.main",
            "aws_iam_role.rds_enhanced_monitoring",
            "aws_security_group.alb",
            "aws_security_group.ecs",
            "aws_security_group.rds",
            "aws_subnet.private",
            "aws_vpc.main",
            "data.aws_availability_zones.available"
          ]
        }
      ]
    },
    {
      "mode": "managed",
      "type": "aws_db_parameter_group",
      "name": "main",
      "provider": "provider[\"registry.terraform.io/hashicorp/aws\"]",
      "instances": [
        {
          "schema_version": 0,
          "attributes": {
            "arn": "arn:aws:rds:us-east-1:401744924043:pg:laravel-blog-db-params",
            "description": "Managed by Terraform",
            "family": "mysql8.0",
            "id": "laravel-blog-db-params",
            "name": "laravel-blog-db-params",
            "name_prefix": "",
            "parameter": [
              {
                "apply_method": "immediate",
                "name": "innodb_buffer_pool_size",
                "value": "{DBInstanceClassMemory*3/4}"
              }
            ],
            "skip_destroy": false,
            "tags": {
              "Name": "laravel-blog-db-parameter-group"
            },
            "tags_all": {
              "ManagedBy": "Terraform",
              "Name": "laravel-blog-db-parameter-group",
              "Project": "laravel-blog"
            }
          },
          "sensitive_attributes": [],
          "identity_schema_version": 0,
          "private": "bnVsbA=="
        }
      ]
    },
    {
      "mode": "managed",
      "type": "aws_db_subnet_group",
      "name": "main",
      "provider": "provider[\"registry.terraform.io/hashicorp/aws\"]",
      "instances": [
        {
          "schema_version": 0,
          "attributes": {
            "arn": "arn:aws:rds:us-east-1:401744924043:subgrp:laravel-blog-db-subnet-group",
            "description": "Managed by Terraform",
            "id": "laravel-blog-db-subnet-group",
            "name": "laravel-blog-db-subnet-group",
            "name_prefix": "",
            "subnet_ids": [
              "subnet-06bbf053ef59f7a19",
              "subnet-09a46c72faa1e2843"
            ],
            "supported_network_types": [
              "IPV4"
            ],
            "tags": {
              "Name": "laravel-blog-db-subnet-group"
            },
            "tags_all": {
              "ManagedBy": "Terraform",
              "Name": "laravel-blog-db-subnet-group",
              "Project": "laravel-blog"
            },
            "vpc_id": "vpc-0a326050b0509a5a0"
          },
          "sensitive_attributes": [],
          "identity_schema_version": 0,
          "private": "bnVsbA==",
          "dependencies": [
            "aws_subnet.private",
            "aws_vpc.main",
            "data.aws_availability_zones.available"
          ]
        }
      ]
    },
    {
      "mode": "managed",
      "type": "aws_ecr_repository",
      "name": "app",
      "provider": "provider[\"registry.terraform.io/hashicorp/aws\"]",
      "instances": [
        {
          "schema_version": 0,
          "attributes": {
            "arn": "arn:aws:ecr:us-east-1:401744924043:repository/laravel-blog-app",
            "encryption_configuration": [
              {
                "encryption_type": "AES256",
                "kms_key": ""
              }
            ],
            "force_delete": null,
            "id": "laravel-blog-app",
            "image_scanning_configuration": [
              {
                "scan_on_push": true
              }
            ],
            "image_tag_mutability": "MUTABLE",
            "name": "laravel-blog-app",
            "registry_id": "401744924043",
            "repository_url": "401744924043.dkr.ecr.us-east-1.amazonaws.com/laravel-blog-app",
            "tags": {
              "Name": "laravel-blog-app-ecr"
            },
            "tags_all": {
              "ManagedBy": "Terraform",
              "Name": "laravel-blog-app-ecr",
              "Project": "laravel-blog"
            },
            "timeouts": null
          },
          "sensitive_attributes": [],
          "identity_schema_version": 0,
          "private": "eyJlMmJmYjczMC1lY2FhLTExZTYtOGY4OC0zNDM2M2JjN2M0YzAiOnsiZGVsZXRlIjoxMjAwMDAwMDAwMDAwfX0="
        }
      ]
    },
    {
      "mode": "managed",
      "type": "aws_ecs_cluster",
      "name": "main",
      "provider": "provider[\"registry.terraform.io/hashicorp/aws\"]",
      "instances": [
        {
          "schema_version": 0,
          "attributes": {
            "arn": "arn:aws:ecs:us-east-1:401744924043:cluster/laravel-blog-cluster",
            "configuration": [],
            "id": "arn:aws:ecs:us-east-1:401744924043:cluster/laravel-blog-cluster",
            "name": "laravel-blog-cluster",
            "service_connect_defaults": [],
            "setting": [
              {
                "name": "containerInsights",
                "value": "enabled"
              }
            ],
            "tags": {
              "Name": "laravel-blog-ecs-cluster"
            },
            "tags_all": {
              "ManagedBy": "Terraform",
              "Name": "laravel-blog-ecs-cluster",
              "Project": "laravel-blog"
            }
          },
          "sensitive_attributes": [],
          "identity_schema_version": 0,
          "private": "bnVsbA=="
        }
      ]
    },
    {
      "mode": "managed",
      "type": "aws_ecs_service",
      "name": "app",
      "provider": "provider[\"registry.terraform.io/hashicorp/aws\"]",
      "instances": [
        {
          "schema_version": 1,
          "attributes": {
            "alarms": [],
            "availability_zone_rebalancing": "DISABLED",
            "capacity_provider_strategy": [],
            "cluster": "arn:aws:ecs:us-east-1:401744924043:cluster/laravel-blog-cluster",
            "deployment_circuit_breaker": [
              {
                "enable": false,
                "rollback": false
              }
            ],
            "deployment_controller": [
              {
                "type": "ECS"
              }
            ],
            "deployment_maximum_percent": 200,
            "deployment_minimum_healthy_percent": 100,
            "desired_count": 2,
            "enable_ecs_managed_tags": false,
            "enable_execute_command": true,
            "force_delete": null,
            "force_new_deployment": null,
            "health_check_grace_period_seconds": 0,
            "iam_role": "/aws-service-role/ecs.amazonaws.com/AWSServiceRoleForECS",
            "id": "arn:aws:ecs:us-east-1:401744924043:service/laravel-blog-cluster/laravel-blog-service",
            "launch_type": "FARGATE",
            "load_balancer": [
              {
                "container_name": "laravel-app",
                "container_port": 80,
                "elb_name": "",
                "target_group_arn": "arn:aws:elasticloadbalancing:us-east-1:401744924043:targetgroup/laravel-blog-app-tg/dbbda422487c655a"
              }
            ],
            "name": "laravel-blog-service",
            "network_configuration": [
              {
                "assign_public_ip": false,
                "security_groups": [
                  "sg-01d1fd8ea10dad6db"
                ],
                "subnets": [
                  "subnet-06bbf053ef59f7a19",
                  "subnet-09a46c72faa1e2843"
                ]
              }
            ],
            "ordered_placement_strategy": [],
            "placement_constraints": [],
            "platform_version": "LATEST",
            "propagate_tags": "NONE",
            "scheduling_strategy": "REPLICA",
            "service_connect_configuration": [],
            "service_registries": [],
            "tags": {
              "Name": "laravel-blog-ecs-service"
            },
            "tags_all": {
              "ManagedBy": "Terraform",
              "Name": "laravel-blog-ecs-service",
              "Project": "laravel-blog"
            },
            "task_definition": "arn:aws:ecs:us-east-1:401744924043:task-definition/laravel-blog-app:2",
            "timeouts": null,
            "triggers": {},
            "volume_configuration": [],
            "vpc_lattice_configurations": [],
            "wait_for_steady_state": false
          },
          "sensitive_attributes": [],
          "identity_schema_version": 0,
          "private": "eyJlMmJmYjczMC1lY2FhLTExZTYtOGY4OC0zNDM2M2JjN2M0YzAiOnsiY3JlYXRlIjoxMjAwMDAwMDAwMDAwLCJkZWxldGUiOjEyMDAwMDAwMDAwMDAsInVwZGF0ZSI6MTIwMDAwMDAwMDAwMH0sInNjaGVtYV92ZXJzaW9uIjoiMSJ9",
          "dependencies": [
            "aws_cloudwatch_log_group.app",
            "aws_cloudwatch_log_group.opensearch",
            "aws_cloudwatch_log_group.opensearch_application",
            "aws_cloudwatch_log_resource_policy.opensearch",
            "aws_db_instance.main",
            "aws_db_parameter_group.main",
            "aws_db_subnet_group.main",
            "aws_ecr_repository.app",
            "aws_ecs_cluster.main",
            "aws_ecs_task_definition.app",
            "aws_elasticache_parameter_group.main",
            "aws_elasticache_replication_group.main",
            "aws_elasticache_subnet_group.main",
            "aws_iam_role.ecs_task_execution_role",
            "aws_iam_role.ecs_task_role",
            "aws_iam_role.rds_enhanced_monitoring",
            "aws_iam_role_policy_attachment.ecs_task_execution_role_policy",
            "aws_iam_service_linked_role.opensearch",
            "aws_lb.main",
            "aws_lb_listener.app",
            "aws_lb_target_group.app",
            "aws_opensearch_domain.main",
            "aws_s3_bucket.app_storage",
            "aws_security_group.alb",
            "aws_security_group.ecs",
            "aws_security_group.opensearch",
            "aws_security_group.rds",
            "aws_security_group.redis",
            "aws_subnet.private",
            "aws_subnet.public",
            "aws_vpc.main",
            "data.aws_availability_zones.available",
            "data.aws_iam_policy_document.opensearch_access_policy",
            "random_string.bucket_suffix"
          ]
        }
      ]
    },
    {
      "mode": "managed",
      "type": "aws_ecs_task_definition",
      "name": "app",
      "provider": "provider[\"registry.terraform.io/hashicorp/aws\"]",
      "instances": [
        {
          "schema_version": 1,
          "attributes": {
            "arn": "arn:aws:ecs:us-east-1:401744924043:task-definition/laravel-blog-app:2",
            "arn_without_revision": "arn:aws:ecs:us-east-1:401744924043:task-definition/laravel-blog-app",
            "container_definitions": "[{\"environment\":[{\"name\":\"APP_DEBUG\",\"value\":\"false\"},{\"name\":\"APP_ENV\",\"value\":\"Production\"},{\"name\":\"APP_KEY\",\"value\":\"base64:GDGVQ4JRzZLhrDILXUsvX/EGcy4gip8jdnP0fhrt/Js=\"},{\"name\":\"AWS_BUCKET\",\"value\":\"laravel-blog-app-storage-cc5fovq5\"},{\"name\":\"AWS_DEFAULT_REGION\",\"value\":\"us-east-1\"},{\"name\":\"AWS_USE_PATH_STYLE_ENDPOINT\",\"value\":\"false\"},{\"name\":\"DB_CONNECTION\",\"value\":\"mysql\"},{\"name\":\"DB_DATABASE\",\"value\":\"laravel_blog\"},{\"name\":\"DB_HOST\",\"value\":\"laravel-blog-db.cerysymw6zhx.us-east-1.rds.amazonaws.com:3306\"},{\"name\":\"DB_PASSWORD\",\"value\":\"MySecurePassword12345\"},{\"name\":\"DB_PORT\",\"value\":\"3306\"},{\"name\":\"DB_USERNAME\",\"value\":\"laraveluser\"},{\"name\":\"ELASTICSEARCH_HOST\",\"value\":\"https://vpc-laravel-blog-opensearch-x7uhqkiyjq5ybtmhn2xtnlwusa.us-east-1.es.amazonaws.com\"},{\"name\":\"FILESYSTEM_DISK\",\"value\":\"s3\"},{\"name\":\"QUEUE_CONNECTION\",\"value\":\"redis\"},{\"name\":\"REDIS_HOST\",\"value\":\"master.laravel-blog-redis.jxxq2a.use1.cache.amazonaws.com\"},{\"name\":\"REDIS_PORT\",\"value\":\"6379\"}],\"essential\":true,\"image\":\"401744924043.dkr.ecr.us-east-1.amazonaws.com/laravel-blog-app:fixed-1750662311\",\"logConfiguration\":{\"logDriver\":\"awslogs\",\"options\":{\"awslogs-group\":\"/ecs/laravel-blog\",\"awslogs-region\":\"us-east-1\",\"awslogs-stream-prefix\":\"ecs\"}},\"mountPoints\":[],\"name\":\"laravel-app\",\"portMappings\":[{\"containerPort\":80,\"hostPort\":80,\"protocol\":\"tcp\"}],\"systemControls\":[],\"volumesFrom\":[]}]",
            "cpu": "512",
            "enable_fault_injection": false,
            "ephemeral_storage": [],
            "execution_role_arn": "arn:aws:iam::401744924043:role/laravel-blog-ecs-task-execution-role",
            "family": "laravel-blog-app",
            "id": "laravel-blog-app",
            "inference_accelerator": [],
            "ipc_mode": "",
            "memory": "1024",
            "network_mode": "awsvpc",
            "pid_mode": "",
            "placement_constraints": [],
            "proxy_configuration": [],
            "requires_compatibilities": [
              "FARGATE"
            ],
            "revision": 2,
            "runtime_platform": [],
            "skip_destroy": false,
            "tags": {
              "Name": "laravel-blog-task-definition"
            },
            "tags_all": {
              "ManagedBy": "Terraform",
              "Name": "laravel-blog-task-definition",
              "Project": "laravel-blog"
            },
            "task_role_arn": "arn:aws:iam::401744924043:role/laravel-blog-ecs-task-role",
            "track_latest": false,
            "volume": []
          },
          "sensitive_attributes": [
            [
              {
                "type": "get_attr",
                "value": "container_definitions"
              }
            ]
          ],
          "identity_schema_version": 0,
          "private": "eyJzY2hlbWFfdmVyc2lvbiI6IjEifQ==",
          "dependencies": [
            "aws_cloudwatch_log_group.app",
            "aws_cloudwatch_log_group.opensearch",
            "aws_cloudwatch_log_group.opensearch_application",
            "aws_cloudwatch_log_resource_policy.opensearch",
            "aws_db_instance.main",
            "aws_db_parameter_group.main",
            "aws_db_subnet_group.main",
            "aws_ecr_repository.app",
            "aws_elasticache_parameter_group.main",
            "aws_elasticache_replication_group.main",
            "aws_elasticache_subnet_group.main",
            "aws_iam_role.ecs_task_execution_role",
            "aws_iam_role.ecs_task_role",
            "aws_iam_role.rds_enhanced_monitoring",
            "aws_iam_service_linked_role.opensearch",
            "aws_opensearch_domain.main",
            "aws_s3_bucket.app_storage",
            "aws_security_group.alb",
            "aws_security_group.ecs",
            "aws_security_group.opensearch",
            "aws_security_group.rds",
            "aws_security_group.redis",
            "aws_subnet.private",
            "aws_vpc.main",
            "data.aws_availability_zones.available",
            "data.aws_iam_policy_document.opensearch_access_policy",
            "random_string.bucket_suffix"
          ]
        }
      ]
    },
    {
      "mode": "managed",
      "type": "aws_eip",
      "name": "nat",
      "provider": "provider[\"registry.terraform.io/hashicorp/aws\"]",
      "instances": [
        {
          "index_key": 0,
          "schema_version": 0,
          "attributes": {
            "address": null,
            "allocation_id": "eipalloc-0f355db51e16f43b6",
            "arn": "arn:aws:ec2:us-east-1:401744924043:elastic-ip/eipalloc-0f355db51e16f43b6",
            "associate_with_private_ip": null,
            "association_id": "eipassoc-0402026c9094b218c",
            "carrier_ip": "",
            "customer_owned_ip": "",
            "customer_owned_ipv4_pool": "",
            "domain": "vpc",
            "id": "eipalloc-0f355db51e16f43b6",
            "instance": "",
            "ipam_pool_id": null,
            "network_border_group": "us-east-1",
            "network_interface": "eni-08c2a57b22f8158e1",
            "private_dns": "ip-10-0-1-106.ec2.internal",
            "private_ip": "10.0.1.106",
            "ptr_record": "",
            "public_dns": "ec2-52-4-165-115.compute-1.amazonaws.com",
            "public_ip": "52.4.165.115",
            "public_ipv4_pool": "amazon",
            "tags": {
              "Name": "laravel-blog-nat-eip-1"
            },
            "tags_all": {
              "ManagedBy": "Terraform",
              "Name": "laravel-blog-nat-eip-1",
              "Project": "laravel-blog"
            },
            "timeouts": null,
            "vpc": true
          },
          "sensitive_attributes": [],
          "identity_schema_version": 0,
          "private": "eyJlMmJmYjczMC1lY2FhLTExZTYtOGY4OC0zNDM2M2JjN2M0YzAiOnsiZGVsZXRlIjoxODAwMDAwMDAwMDAsInJlYWQiOjkwMDAwMDAwMDAwMCwidXBkYXRlIjozMDAwMDAwMDAwMDB9fQ==",
          "dependencies": [
            "aws_internet_gateway.main",
            "aws_subnet.public",
            "aws_vpc.main",
            "data.aws_availability_zones.available"
          ]
        },
        {
          "index_key": 1,
          "schema_version": 0,
          "attributes": {
            "address": null,
            "allocation_id": "eipalloc-0a972df67589052d7",
            "arn": "arn:aws:ec2:us-east-1:401744924043:elastic-ip/eipalloc-0a972df67589052d7",
            "associate_with_private_ip": null,
            "association_id": "eipassoc-0bfaec4678355c7fb",
            "carrier_ip": "",
            "customer_owned_ip": "",
            "customer_owned_ipv4_pool": "",
            "domain": "vpc",
            "id": "eipalloc-0a972df67589052d7",
            "instance": "",
            "ipam_pool_id": null,
            "network_border_group": "us-east-1",
            "network_interface": "eni-0835f4a31cebf71d3",
            "private_dns": "ip-10-0-2-110.ec2.internal",
            "private_ip": "10.0.2.110",
            "ptr_record": "",
            "public_dns": "ec2-3-222-163-121.compute-1.amazonaws.com",
            "public_ip": "3.222.163.121",
            "public_ipv4_pool": "amazon",
            "tags": {
              "Name": "laravel-blog-nat-eip-2"
            },
            "tags_all": {
              "ManagedBy": "Terraform",
              "Name": "laravel-blog-nat-eip-2",
              "Project": "laravel-blog"
            },
            "timeouts": null,
            "vpc": true
          },
          "sensitive_attributes": [],
          "identity_schema_version": 0,
          "private": "eyJlMmJmYjczMC1lY2FhLTExZTYtOGY4OC0zNDM2M2JjN2M0YzAiOnsiZGVsZXRlIjoxODAwMDAwMDAwMDAsInJlYWQiOjkwMDAwMDAwMDAwMCwidXBkYXRlIjozMDAwMDAwMDAwMDB9fQ==",
          "dependencies": [
            "aws_internet_gateway.main",
            "aws_subnet.public",
            "aws_vpc.main",
            "data.aws_availability_zones.available"
          ]
        }
      ]
    },
    {
      "mode": "managed",
      "type": "aws_elasticache_parameter_group",
      "name": "main",
      "provider": "provider[\"registry.terraform.io/hashicorp/aws\"]",
      "instances": [
        {
          "schema_version": 0,
          "attributes": {
            "arn": "arn:aws:elasticache:us-east-1:401744924043:parametergroup:laravel-blog-cache-params",
            "description": "Managed by Terraform",
            "family": "redis7",
            "id": "laravel-blog-cache-params",
            "name": "laravel-blog-cache-params",
            "parameter": [
              {
                "name": "maxmemory-policy",
                "value": "allkeys-lru"
              }
            ],
            "tags": {
              "Name": "laravel-blog-cache-parameter-group"
            },
            "tags_all": {
              "ManagedBy": "Terraform",
              "Name": "laravel-blog-cache-parameter-group",
              "Project": "laravel-blog"
            }
          },
          "sensitive_attributes": [],
          "identity_schema_version": 0,
          "private": "bnVsbA=="
        }
      ]
    },
    {
      "mode": "managed",
      "type": "aws_elasticache_replication_group",
      "name": "main",
      "provider": "provider[\"registry.terraform.io/hashicorp/aws\"]",
      "instances": [
        {
          "schema_version": 2,
          "attributes": {
            "apply_immediately": null,
            "arn": "arn:aws:elasticache:us-east-1:401744924043:replicationgroup:laravel-blog-redis",
            "at_rest_encryption_enabled": "true",
            "auth_token": "",
            "auth_token_update_strategy": "ROTATE",
            "auto_minor_version_upgrade": "true",
            "automatic_failover_enabled": false,
            "cluster_enabled": false,
            "cluster_mode": "disabled",
            "configuration_endpoint_address": null,
            "data_tiering_enabled": false,
            "description": "Redis cluster for laravel-blog",
            "engine": "redis",
            "engine_version": "7.0",
            "engine_version_actual": "7.0.7",
            "final_snapshot_identifier": null,
            "global_replication_group_id": null,
            "id": "laravel-blog-redis",
            "ip_discovery": "ipv4",
            "kms_key_id": "",
            "log_delivery_configuration": [],
            "maintenance_window": "sun:05:00-sun:07:00",
            "member_clusters": [
              "laravel-blog-redis-001"
            ],
            "multi_az_enabled": false,
            "network_type": "ipv4",
            "node_type": "cache.t3.micro",
            "notification_topic_arn": null,
            "num_cache_clusters": 1,
            "num_node_groups": 1,
            "parameter_group_name": "laravel-blog-cache-params",
            "port": 6379,
            "preferred_cache_cluster_azs": null,
            "primary_endpoint_address": "master.laravel-blog-redis.jxxq2a.use1.cache.amazonaws.com",
            "reader_endpoint_address": "replica.laravel-blog-redis.jxxq2a.use1.cache.amazonaws.com",
            "replicas_per_node_group": 0,
            "replication_group_id": "laravel-blog-redis",
            "security_group_ids": [
              "sg-0a9a592e3dd3803a3"
            ],
            "security_group_names": [],
            "snapshot_arns": null,
            "snapshot_name": null,
            "snapshot_retention_limit": 5,
            "snapshot_window": "03:00-05:00",
            "subnet_group_name": "laravel-blog-cache-subnet",
            "tags": {
              "Name": "laravel-blog-redis-cluster"
            },
            "tags_all": {
              "ManagedBy": "Terraform",
              "Name": "laravel-blog-redis-cluster",
              "Project": "laravel-blog"
            },
            "timeouts": null,
            "transit_encryption_enabled": true,
            "transit_encryption_mode": "required",
            "user_group_ids": []
          },
          "sensitive_attributes": [
            [
              {
                "type": "get_attr",
                "value": "auth_token"
              }
            ]
          ],
          "identity_schema_version": 0,
          "private": "eyJlMmJmYjczMC1lY2FhLTExZTYtOGY4OC0zNDM2M2JjN2M0YzAiOnsiY3JlYXRlIjozNjAwMDAwMDAwMDAwLCJkZWxldGUiOjI3MDAwMDAwMDAwMDAsInVwZGF0ZSI6MjQwMDAwMDAwMDAwMH0sInNjaGVtYV92ZXJzaW9uIjoiMiJ9",
          "dependencies": [
            "aws_elasticache_parameter_group.main",
            "aws_elasticache_subnet_group.main",
            "aws_security_group.alb",
            "aws_security_group.ecs",
            "aws_security_group.redis",
            "aws_subnet.private",
            "aws_vpc.main",
            "data.aws_availability_zones.available"
          ]
        }
      ]
    },
    {
      "mode": "managed",
      "type": "aws_elasticache_subnet_group",
      "name": "main",
      "provider": "provider[\"registry.terraform.io/hashicorp/aws\"]",
      "instances": [
        {
          "schema_version": 0,
          "attributes": {
            "arn": "arn:aws:elasticache:us-east-1:401744924043:subnetgroup:laravel-blog-cache-subnet",
            "description": "Managed by Terraform",
            "id": "laravel-blog-cache-subnet",
            "name": "laravel-blog-cache-subnet",
            "subnet_ids": [
              "subnet-06bbf053ef59f7a19",
              "subnet-09a46c72faa1e2843"
            ],
            "tags": {
              "Name": "laravel-blog-cache-subnet-group"
            },
            "tags_all": {
              "ManagedBy": "Terraform",
              "Name": "laravel-blog-cache-subnet-group",
              "Project": "laravel-blog"
            },
            "vpc_id": "vpc-0a326050b0509a5a0"
          },
          "sensitive_attributes": [],
          "identity_schema_version": 0,
          "private": "bnVsbA==",
          "dependencies": [
            "aws_subnet.private",
            "aws_vpc.main",
            "data.aws_availability_zones.available"
          ]
        }
      ]
    },
    {
      "mode": "managed",
      "type": "aws_iam_policy",
      "name": "ecs_exec",
      "provider": "provider[\"registry.terraform.io/hashicorp/aws\"]",
      "instances": [
        {
          "schema_version": 0,
          "attributes": {
            "arn": "arn:aws:iam::401744924043:policy/laravel-blog-ecs-exec",
            "attachment_count": 1,
            "description": "Policy for ECS Exec functionality",
            "id": "arn:aws:iam::401744924043:policy/laravel-blog-ecs-exec",
            "name": "laravel-blog-ecs-exec",
            "name_prefix": "",
            "path": "/",
            "policy": "{\"Statement\":[{\"Action\":[\"ssmmessages:CreateControlChannel\",\"ssmmessages:CreateDataChannel\",\"ssmmessages:OpenControlChannel\",\"ssmmessages:OpenDataChannel\"],\"Effect\":\"Allow\",\"Resource\":\"*\"}],\"Version\":\"2012-10-17\"}",
            "policy_id": "ANPAV3CO5BWF6AMUZPFDI",
            "tags": {
              "Name": "laravel-blog-ecs-exec-policy"
            },
            "tags_all": {
              "ManagedBy": "Terraform",
              "Name": "laravel-blog-ecs-exec-policy",
              "Project": "laravel-blog"
            }
          },
          "sensitive_attributes": [],
          "identity_schema_version": 0,
          "private": "bnVsbA=="
        }
      ]
    },
    {
      "mode": "managed",
      "type": "aws_iam_policy",
      "name": "s3_access",
      "provider": "provider[\"registry.terraform.io/hashicorp/aws\"]",
      "instances": [
        {
          "schema_version": 0,
          "attributes": {
            "arn": "arn:aws:iam::401744924043:policy/laravel-blog-s3-access-20250622201541377900000003",
            "attachment_count": 1,
            "description": "Policy for Laravel app to access S3 bucket",
            "id": "arn:aws:iam::401744924043:policy/laravel-blog-s3-access-20250622201541377900000003",
            "name": "laravel-blog-s3-access-20250622201541377900000003",
            "name_prefix": "laravel-blog-s3-access-",
            "path": "/",
            "policy": "{\"Statement\":[{\"Action\":[\"s3:GetObject\",\"s3:PutObject\",\"s3:DeleteObject\",\"s3:GetObjectAcl\",\"s3:PutObjectAcl\"],\"Effect\":\"Allow\",\"Resource\":[\"arn:aws:s3:::laravel-blog-app-storage-cc5fovq5/*\"]},{\"Action\":[\"s3:ListBucket\",\"s3:GetBucketLocation\"],\"Effect\":\"Allow\",\"Resource\":[\"arn:aws:s3:::laravel-blog-app-storage-cc5fovq5\"]}],\"Version\":\"2012-10-17\"}",
            "policy_id": "ANPAV3CO5BWF3V7SNZL7X",
            "tags": {
              "Name": "laravel-blog-s3-access-policy"
            },
            "tags_all": {
              "ManagedBy": "Terraform",
              "Name": "laravel-blog-s3-access-policy",
              "Project": "laravel-blog"
            }
          },
          "sensitive_attributes": [],
          "identity_schema_version": 0,
          "private": "bnVsbA==",
          "dependencies": [
            "aws_s3_bucket.app_storage",
            "random_string.bucket_suffix"
          ]
        }
      ]
    },
    {
      "mode": "managed",
      "type": "aws_iam_role",
      "name": "ecs_task_execution_role",
      "provider": "provider[\"registry.terraform.io/hashicorp/aws\"]",
      "instances": [
        {
          "schema_version": 0,
          "attributes": {
            "arn": "arn:aws:iam::401744924043:role/laravel-blog-ecs-task-execution-role",
            "assume_role_policy": "{\"Statement\":[{\"Action\":\"sts:AssumeRole\",\"Effect\":\"Allow\",\"Principal\":{\"Service\":\"ecs-tasks.amazonaws.com\"}}],\"Version\":\"2012-10-17\"}",
            "create_date": "2025-06-22T20:15:37Z",
            "description": "",
            "force_detach_policies": false,
            "id": "laravel-blog-ecs-task-execution-role",
            "inline_policy": [],
            "managed_policy_arns": [
              "arn:aws:iam::aws:policy/service-role/AmazonECSTaskExecutionRolePolicy"
            ],
            "max_session_duration": 3600,
            "name": "laravel-blog-ecs-task-execution-role",
            "name_prefix": "",
            "path": "/",
            "permissions_boundary": "",
            "tags": {},
            "tags_all": {
              "ManagedBy": "Terraform",
              "Project": "laravel-blog"
            },
            "unique_id": "AROAV3CO5BWFQ4AQ5JKOP"
          },
          "sensitive_attributes": [],
          "identity_schema_version": 0,
          "private": "bnVsbA=="
        }
      ]
    },
    {
      "mode": "managed",
      "type": "aws_iam_role",
      "name": "ecs_task_role",
      "provider": "provider[\"registry.terraform.io/hashicorp/aws\"]",
      "instances": [
        {
          "schema_version": 0,
          "attributes": {
            "arn": "arn:aws:iam::401744924043:role/laravel-blog-ecs-task-role",
            "assume_role_policy": "{\"Statement\":[{\"Action\":\"sts:AssumeRole\",\"Effect\":\"Allow\",\"Principal\":{\"Service\":\"ecs-tasks.amazonaws.com\"}}],\"Version\":\"2012-10-17\"}",
            "create_date": "2025-06-22T20:15:35Z",
            "description": "",
            "force_detach_policies": false,
            "id": "laravel-blog-ecs-task-role",
            "inline_policy": [],
            "managed_policy_arns": [
              "arn:aws:iam::401744924043:policy/laravel-blog-ecs-exec",
              "arn:aws:iam::401744924043:policy/laravel-blog-s3-access-20250622201541377900000003"
            ],
            "max_session_duration": 3600,
            "name": "laravel-blog-ecs-task-role",
            "name_prefix": "",
            "path": "/",
            "permissions_boundary": "",
            "tags": {},
            "tags_all": {
              "ManagedBy": "Terraform",
              "Project": "laravel-blog"
            },
            "unique_id": "AROAV3CO5BWFY3GJT6NB3"
          },
          "sensitive_attributes": [],
          "identity_schema_version": 0,
          "private": "bnVsbA=="
        }
      ]
    },
    {
      "mode": "managed",
      "type": "aws_iam_role",
      "name": "rds_enhanced_monitoring",
      "provider": "provider[\"registry.terraform.io/hashicorp/aws\"]",
      "instances": [
        {
          "schema_version": 0,
          "attributes": {
            "arn": "arn:aws:iam::401744924043:role/laravel-blog-rds-monitoring-role",
            "assume_role_policy": "{\"Statement\":[{\"Action\":\"sts:AssumeRole\",\"Effect\":\"Allow\",\"Principal\":{\"Service\":\"monitoring.rds.amazonaws.com\"}}],\"Version\":\"2012-10-17\"}",
            "create_date": "2025-06-22T20:15:36Z",
            "description": "",
            "force_detach_policies": false,
            "id": "laravel-blog-rds-monitoring-role",
            "inline_policy": [],
            "managed_policy_arns": [
              "arn:aws:iam::aws:policy/service-role/AmazonRDSEnhancedMonitoringRole"
            ],
            "max_session_duration": 3600,
            "name": "laravel-blog-rds-monitoring-role",
            "name_prefix": "",
            "path": "/",
            "permissions_boundary": "",
            "tags": {},
            "tags_all": {
              "ManagedBy": "Terraform",
              "Project": "laravel-blog"
            },
            "unique_id": "AROAV3CO5BWFQY34YUC6E"
          },
          "sensitive_attributes": [],
          "identity_schema_version": 0,
          "private": "bnVsbA=="
        }
      ]
    },
    {
      "mode": "managed",
      "type": "aws_iam_role_policy_attachment",
      "name": "ecs_task_exec_access",
      "provider": "provider[\"registry.terraform.io/hashicorp/aws\"]",
      "instances": [
        {
          "schema_version": 0,
          "attributes": {
            "id": "laravel-blog-ecs-task-role-20250623063259417800000001",
            "policy_arn": "arn:aws:iam::401744924043:policy/laravel-blog-ecs-exec",
            "role": "laravel-blog-ecs-task-role"
          },
          "sensitive_attributes": [],
          "identity_schema_version": 0,
          "private": "bnVsbA==",
          "dependencies": [
            "aws_iam_policy.ecs_exec",
            "aws_iam_role.ecs_task_role"
          ]
        }
      ]
    },
    {
      "mode": "managed",
      "type": "aws_iam_role_policy_attachment",
      "name": "ecs_task_execution_role_policy",
      "provider": "provider[\"registry.terraform.io/hashicorp/aws\"]",
      "instances": [
        {
          "schema_version": 0,
          "attributes": {
            "id": "laravel-blog-ecs-task-execution-role-20250622201538206700000002",
            "policy_arn": "arn:aws:iam::aws:policy/service-role/AmazonECSTaskExecutionRolePolicy",
            "role": "laravel-blog-ecs-task-execution-role"
          },
          "sensitive_attributes": [],
          "identity_schema_version": 0,
          "private": "bnVsbA==",
          "dependencies": [
            "aws_iam_role.ecs_task_execution_role"
          ]
        }
      ]
    },
    {
      "mode": "managed",
      "type": "aws_iam_role_policy_attachment",
      "name": "ecs_task_s3_access",
      "provider": "provider[\"registry.terraform.io/hashicorp/aws\"]",
      "instances": [
        {
          "schema_version": 0,
          "attributes": {
            "id": "laravel-blog-ecs-task-role-20250622201543006800000004",
            "policy_arn": "arn:aws:iam::401744924043:policy/laravel-blog-s3-access-20250622201541377900000003",
            "role": "laravel-blog-ecs-task-role"
          },
          "sensitive_attributes": [],
          "identity_schema_version": 0,
          "private": "bnVsbA==",
          "dependencies": [
            "aws_iam_policy.s3_access",
            "aws_iam_role.ecs_task_role",
            "aws_s3_bucket.app_storage",
            "random_string.bucket_suffix"
          ]
        }
      ]
    },
    {
      "mode": "managed",
      "type": "aws_iam_role_policy_attachment",
      "name": "rds_enhanced_monitoring",
      "provider": "provider[\"registry.terraform.io/hashicorp/aws\"]",
      "instances": [
        {
          "schema_version": 0,
          "attributes": {
            "id": "laravel-blog-rds-monitoring-role-20250622201537983000000001",
            "policy_arn": "arn:aws:iam::aws:policy/service-role/AmazonRDSEnhancedMonitoringRole",
            "role": "laravel-blog-rds-monitoring-role"
          },
          "sensitive_attributes": [],
          "identity_schema_version": 0,
          "private": "bnVsbA==",
          "dependencies": [
            "aws_iam_role.rds_enhanced_monitoring"
          ]
        }
      ]
    },
    {
      "mode": "managed",
      "type": "aws_iam_service_linked_role",
      "name": "opensearch",
      "provider": "provider[\"registry.terraform.io/hashicorp/aws\"]",
      "instances": [
        {
          "schema_version": 0,
          "attributes": {
            "arn": "arn:aws:iam::401744924043:role/aws-service-role/es.amazonaws.com/AWSServiceRoleForAmazonElasticsearchService",
            "aws_service_name": "es.amazonaws.com",
            "create_date": "2025-06-22T20:15:35Z",
            "custom_suffix": "",
            "description": "Service linked role for OpenSearch",
            "id": "arn:aws:iam::401744924043:role/aws-service-role/es.amazonaws.com/AWSServiceRoleForAmazonElasticsearchService",
            "name": "AWSServiceRoleForAmazonElasticsearchService",
            "path": "/aws-service-role/es.amazonaws.com/",
            "tags": {},
            "tags_all": {
              "ManagedBy": "Terraform",
              "Project": "laravel-blog"
            },
            "unique_id": "AROAV3CO5BWFTAYYHNTJ4"
          },
          "sensitive_attributes": [],
          "identity_schema_version": 0,
          "private": "bnVsbA=="
        }
      ]
    },
    {
      "mode": "managed",
      "type": "aws_internet_gateway",
      "name": "main",
      "provider": "provider[\"registry.terraform.io/hashicorp/aws\"]",
      "instances": [
        {
          "schema_version": 0,
          "attributes": {
            "arn": "arn:aws:ec2:us-east-1:401744924043:internet-gateway/igw-082159be83fdfe9de",
            "id": "igw-082159be83fdfe9de",
            "owner_id": "401744924043",
            "tags": {
              "Name": "laravel-blog-igw"
            },
            "tags_all": {
              "ManagedBy": "Terraform",
              "Name": "laravel-blog-igw",
              "Project": "laravel-blog"
            },
            "timeouts": null,
            "vpc_id": "vpc-0a326050b0509a5a0"
          },
          "sensitive_attributes": [],
          "identity_schema_version": 0,
          "private": "eyJlMmJmYjczMC1lY2FhLTExZTYtOGY4OC0zNDM2M2JjN2M0YzAiOnsiY3JlYXRlIjoxMjAwMDAwMDAwMDAwLCJkZWxldGUiOjEyMDAwMDAwMDAwMDAsInVwZGF0ZSI6MTIwMDAwMDAwMDAwMH19",
          "dependencies": [
            "aws_vpc.main"
          ]
        }
      ]
    },
    {
      "mode": "managed",
      "type": "aws_lb",
      "name": "main",
      "provider": "provider[\"registry.terraform.io/hashicorp/aws\"]",
      "instances": [
        {
          "schema_version": 0,
          "attributes": {
            "access_logs": [
              {
                "bucket": "",
                "enabled": false,
                "prefix": ""
              }
            ],
            "arn": "arn:aws:elasticloadbalancing:us-east-1:401744924043:loadbalancer/app/laravel-blog-alb/efdce347cb63906e",
            "arn_suffix": "app/laravel-blog-alb/efdce347cb63906e",
            "client_keep_alive": 3600,
            "connection_logs": [
              {
                "bucket": "",
                "enabled": false,
                "prefix": ""
              }
            ],
            "customer_owned_ipv4_pool": "",
            "desync_mitigation_mode": "defensive",
            "dns_name": "laravel-blog-alb-941765149.us-east-1.elb.amazonaws.com",
            "dns_record_client_routing_policy": null,
            "drop_invalid_header_fields": false,
            "enable_cross_zone_load_balancing": true,
            "enable_deletion_protection": false,
            "enable_http2": true,
            "enable_tls_version_and_cipher_suite_headers": false,
            "enable_waf_fail_open": false,
            "enable_xff_client_port": false,
            "enable_zonal_shift": false,
            "enforce_security_group_inbound_rules_on_private_link_traffic": "",
            "id": "arn:aws:elasticloadbalancing:us-east-1:401744924043:loadbalancer/app/laravel-blog-alb/efdce347cb63906e",
            "idle_timeout": 60,
            "internal": false,
            "ip_address_type": "ipv4",
            "ipam_pools": [],
            "load_balancer_type": "application",
            "minimum_load_balancer_capacity": [],
            "name": "laravel-blog-alb",
            "name_prefix": "",
            "preserve_host_header": false,
            "security_groups": [
              "sg-0747488dfa76105b7"
            ],
            "subnet_mapping": [
              {
                "allocation_id": "",
                "ipv6_address": "",
                "outpost_id": "",
                "private_ipv4_address": "",
                "subnet_id": "subnet-08b2c43f022d89b59"
              },
              {
                "allocation_id": "",
                "ipv6_address": "",
                "outpost_id": "",
                "private_ipv4_address": "",
                "subnet_id": "subnet-0b349d6b1a08aa6d8"
              }
            ],
            "subnets": [
              "subnet-08b2c43f022d89b59",
              "subnet-0b349d6b1a08aa6d8"
            ],
            "tags": {
              "Name": "laravel-blog-alb"
            },
            "tags_all": {
              "ManagedBy": "Terraform",
              "Name": "laravel-blog-alb",
              "Project": "laravel-blog"
            },
            "timeouts": null,
            "vpc_id": "vpc-0a326050b0509a5a0",
            "xff_header_processing_mode": "append",
            "zone_id": "Z35SXDOTRQ7X7K"
          },
          "sensitive_attributes": [],
          "identity_schema_version": 0,
          "private": "eyJlMmJmYjczMC1lY2FhLTExZTYtOGY4OC0zNDM2M2JjN2M0YzAiOnsiY3JlYXRlIjo2MDAwMDAwMDAwMDAsImRlbGV0ZSI6NjAwMDAwMDAwMDAwLCJ1cGRhdGUiOjYwMDAwMDAwMDAwMH19",
          "dependencies": [
            "aws_security_group.alb",
            "aws_subnet.public",
            "aws_vpc.main",
            "data.aws_availability_zones.available"
          ]
        }
      ]
    },
    {
      "mode": "managed",
      "type": "aws_lb_listener",
      "name": "app",
      "provider": "provider[\"registry.terraform.io/hashicorp/aws\"]",
      "instances": [
        {
          "schema_version": 0,
          "attributes": {
            "alpn_policy": null,
            "arn": "arn:aws:elasticloadbalancing:us-east-1:401744924043:listener/app/laravel-blog-alb/efdce347cb63906e/10c66e853cc3f4a4",
            "certificate_arn": null,
            "default_action": [
              {
                "authenticate_cognito": [],
                "authenticate_oidc": [],
                "fixed_response": [],
                "forward": [],
                "order": 1,
                "redirect": [],
                "target_group_arn": "arn:aws:elasticloadbalancing:us-east-1:401744924043:targetgroup/laravel-blog-app-tg/dbbda422487c655a",
                "type": "forward"
              }
            ],
            "id": "arn:aws:elasticloadbalancing:us-east-1:401744924043:listener/app/laravel-blog-alb/efdce347cb63906e/10c66e853cc3f4a4",
            "load_balancer_arn": "arn:aws:elasticloadbalancing:us-east-1:401744924043:loadbalancer/app/laravel-blog-alb/efdce347cb63906e",
            "mutual_authentication": [],
            "port": 80,
            "protocol": "HTTP",
            "routing_http_request_x_amzn_mtls_clientcert_header_name": null,
            "routing_http_request_x_amzn_mtls_clientcert_issuer_header_name": null,
            "routing_http_request_x_amzn_mtls_clientcert_leaf_header_name": null,
            "routing_http_request_x_amzn_mtls_clientcert_serial_number_header_name": null,
            "routing_http_request_x_amzn_mtls_clientcert_subject_header_name": null,
            "routing_http_request_x_amzn_mtls_clientcert_validity_header_name": null,
            "routing_http_request_x_amzn_tls_cipher_suite_header_name": null,
            "routing_http_request_x_amzn_tls_version_header_name": null,
            "routing_http_response_access_control_allow_credentials_header_value": "",
            "routing_http_response_access_control_allow_headers_header_value": "",
            "routing_http_response_access_control_allow_methods_header_value": "",
            "routing_http_response_access_control_allow_origin_header_value": "",
            "routing_http_response_access_control_expose_headers_header_value": "",
            "routing_http_response_access_control_max_age_header_value": "",
            "routing_http_response_content_security_policy_header_value": "",
            "routing_http_response_server_enabled": true,
            "routing_http_response_strict_transport_security_header_value": "",
            "routing_http_response_x_content_type_options_header_value": "",
            "routing_http_response_x_frame_options_header_value": "",
            "ssl_policy": "",
            "tags": {
              "Name": "laravel-blog-alb-listener"
            },
            "tags_all": {
              "ManagedBy": "Terraform",
              "Name": "laravel-blog-alb-listener",
              "Project": "laravel-blog"
            },
            "tcp_idle_timeout_seconds": null,
            "timeouts": null
          },
          "sensitive_attributes": [],
          "identity_schema_version": 0,
          "private": "eyJlMmJmYjczMC1lY2FhLTExZTYtOGY4OC0zNDM2M2JjN2M0YzAiOnsiY3JlYXRlIjozMDAwMDAwMDAwMDAsInVwZGF0ZSI6MzAwMDAwMDAwMDAwfX0=",
          "dependencies": [
            "aws_lb.main",
            "aws_lb_target_group.app",
            "aws_security_group.alb",
            "aws_subnet.public",
            "aws_vpc.main",
            "data.aws_availability_zones.available"
          ]
        }
      ]
    },
    {
      "mode": "managed",
      "type": "aws_lb_target_group",
      "name": "app",
      "provider": "provider[\"registry.terraform.io/hashicorp/aws\"]",
      "instances": [
        {
          "schema_version": 0,
          "attributes": {
            "arn": "arn:aws:elasticloadbalancing:us-east-1:401744924043:targetgroup/laravel-blog-app-tg/dbbda422487c655a",
            "arn_suffix": "targetgroup/laravel-blog-app-tg/dbbda422487c655a",
            "connection_termination": null,
            "deregistration_delay": "300",
            "health_check": [
              {
                "enabled": true,
                "healthy_threshold": 2,
                "interval": 30,
                "matcher": "200",
                "path": "/",
                "port": "traffic-port",
                "protocol": "HTTP",
                "timeout": 5,
                "unhealthy_threshold": 2
              }
            ],
            "id": "arn:aws:elasticloadbalancing:us-east-1:401744924043:targetgroup/laravel-blog-app-tg/dbbda422487c655a",
            "ip_address_type": "ipv4",
            "lambda_multi_value_headers_enabled": false,
            "load_balancer_arns": [
              "arn:aws:elasticloadbalancing:us-east-1:401744924043:loadbalancer/app/laravel-blog-alb/efdce347cb63906e"
            ],
            "load_balancing_algorithm_type": "round_robin",
            "load_balancing_anomaly_mitigation": "off",
            "load_balancing_cross_zone_enabled": "use_load_balancer_configuration",
            "name": "laravel-blog-app-tg",
            "name_prefix": "",
            "port": 80,
            "preserve_client_ip": null,
            "protocol": "HTTP",
            "protocol_version": "HTTP1",
            "proxy_protocol_v2": false,
            "slow_start": 0,
            "stickiness": [
              {
                "cookie_duration": 86400,
                "cookie_name": "",
                "enabled": false,
                "type": "lb_cookie"
              }
            ],
            "tags": {
              "Name": "laravel-blog-app-target-group"
            },
            "tags_all": {
              "ManagedBy": "Terraform",
              "Name": "laravel-blog-app-target-group",
              "Project": "laravel-blog"
            },
            "target_failover": [
              {
                "on_deregistration": null,
                "on_unhealthy": null
              }
            ],
            "target_group_health": [
              {
                "dns_failover": [
                  {
                    "minimum_healthy_targets_count": "1",
                    "minimum_healthy_targets_percentage": "off"
                  }
                ],
                "unhealthy_state_routing": [
                  {
                    "minimum_healthy_targets_count": 1,
                    "minimum_healthy_targets_percentage": "off"
                  }
                ]
              }
            ],
            "target_health_state": [
              {
                "enable_unhealthy_connection_termination": null,
                "unhealthy_draining_interval": null
              }
            ],
            "target_type": "ip",
            "vpc_id": "vpc-0a326050b0509a5a0"
          },
          "sensitive_attributes": [],
          "identity_schema_version": 0,
          "private": "bnVsbA==",
          "dependencies": [
            "aws_vpc.main"
          ]
        }
      ]
    },
    {
      "mode": "managed",
      "type": "aws_nat_gateway",
      "name": "main",
      "provider": "provider[\"registry.terraform.io/hashicorp/aws\"]",
      "instances": [
        {
          "index_key": 0,
          "schema_version": 0,
          "attributes": {
            "allocation_id": "eipalloc-0f355db51e16f43b6",
            "association_id": "eipassoc-0402026c9094b218c",
            "connectivity_type": "public",
            "id": "nat-08601035d1681799c",
            "network_interface_id": "eni-08c2a57b22f8158e1",
            "private_ip": "10.0.1.106",
            "public_ip": "52.4.165.115",
            "secondary_allocation_ids": [],
            "secondary_private_ip_address_count": 0,
            "secondary_private_ip_addresses": [],
            "subnet_id": "subnet-0b349d6b1a08aa6d8",
            "tags": {
              "Name": "laravel-blog-nat-1"
            },
            "tags_all": {
              "ManagedBy": "Terraform",
              "Name": "laravel-blog-nat-1",
              "Project": "laravel-blog"
            },
            "timeouts": null
          },
          "sensitive_attributes": [],
          "identity_schema_version": 0,
          "private": "eyJlMmJmYjczMC1lY2FhLTExZTYtOGY4OC0zNDM2M2JjN2M0YzAiOnsiY3JlYXRlIjo2MDAwMDAwMDAwMDAsImRlbGV0ZSI6MTgwMDAwMDAwMDAwMCwidXBkYXRlIjo2MDAwMDAwMDAwMDB9fQ==",
          "dependencies": [
            "aws_eip.nat",
            "aws_internet_gateway.main",
            "aws_subnet.public",
            "aws_vpc.main",
            "data.aws_availability_zones.available"
          ]
        },
        {
          "index_key": 1,
          "schema_version": 0,
          "attributes": {
            "allocation_id": "eipalloc-0a972df67589052d7",
            "association_id": "eipassoc-0bfaec4678355c7fb",
            "connectivity_type": "public",
            "id": "nat-09dbfda6b8063e090",
            "network_interface_id": "eni-0835f4a31cebf71d3",
            "private_ip": "10.0.2.110",
            "public_ip": "3.222.163.121",
            "secondary_allocation_ids": [],
            "secondary_private_ip_address_count": 0,
            "secondary_private_ip_addresses": [],
            "subnet_id": "subnet-08b2c43f022d89b59",
            "tags": {
              "Name": "laravel-blog-nat-2"
            },
            "tags_all": {
              "ManagedBy": "Terraform",
              "Name": "laravel-blog-nat-2",
              "Project": "laravel-blog"
            },
            "timeouts": null
          },
          "sensitive_attributes": [],
          "identity_schema_version": 0,
          "private": "eyJlMmJmYjczMC1lY2FhLTExZTYtOGY4OC0zNDM2M2JjN2M0YzAiOnsiY3JlYXRlIjo2MDAwMDAwMDAwMDAsImRlbGV0ZSI6MTgwMDAwMDAwMDAwMCwidXBkYXRlIjo2MDAwMDAwMDAwMDB9fQ==",
          "dependencies": [
            "aws_eip.nat",
            "aws_internet_gateway.main",
            "aws_subnet.public",
            "aws_vpc.main",
            "data.aws_availability_zones.available"
          ]
        }
      ]
    },
    {
      "mode": "managed",
      "type": "aws_opensearch_domain",
      "name": "main",
      "provider": "provider[\"registry.terraform.io/hashicorp/aws\"]",
      "instances": [
        {
          "schema_version": 0,
          "attributes": {
            "access_policies": "{\"Statement\":[{\"Action\":\"es:*\",\"Effect\":\"Allow\",\"Principal\":\"*\",\"Resource\":\"arn:aws:es:us-east-1:*:domain/laravel-blog-opensearch/*\"}],\"Version\":\"2012-10-17\"}",
            "advanced_options": {},
            "advanced_security_options": [
              {
                "anonymous_auth_enabled": false,
                "enabled": true,
                "internal_user_database_enabled": true,
                "master_user_options": [
                  {
                    "master_user_arn": "",
                    "master_user_name": "admin",
                    "master_user_password": "YourSecureOpenSearchPassword123!"
                  }
                ]
              }
            ],
            "arn": "arn:aws:es:us-east-1:401744924043:domain/laravel-blog-opensearch",
            "auto_tune_options": [
              {
                "desired_state": "DISABLED",
                "maintenance_schedule": [],
                "rollback_on_disable": "NO_ROLLBACK",
                "use_off_peak_window": false
              }
            ],
            "cluster_config": [
              {
                "cold_storage_options": [
                  {
                    "enabled": false
                  }
                ],
                "dedicated_master_count": 0,
                "dedicated_master_enabled": false,
                "dedicated_master_type": "",
                "instance_count": 1,
                "instance_type": "t3.small.search",
                "multi_az_with_standby_enabled": false,
                "node_options": [],
                "warm_count": 0,
                "warm_enabled": false,
                "warm_type": "",
                "zone_awareness_config": [],
                "zone_awareness_enabled": false
              }
            ],
            "cognito_options": [
              {
                "enabled": false,
                "identity_pool_id": "",
                "role_arn": "",
                "user_pool_id": ""
              }
            ],
            "dashboard_endpoint": "vpc-laravel-blog-opensearch-x7uhqkiyjq5ybtmhn2xtnlwusa.us-east-1.es.amazonaws.com/_dashboards",
            "dashboard_endpoint_v2": null,
            "domain_endpoint_options": [
              {
                "custom_endpoint": "",
                "custom_endpoint_certificate_arn": "",
                "custom_endpoint_enabled": false,
                "enforce_https": true,
                "tls_security_policy": "Policy-Min-TLS-1-2-2019-07"
              }
            ],
            "domain_endpoint_v2_hosted_zone_id": "",
            "domain_id": "401744924043/laravel-blog-opensearch",
            "domain_name": "laravel-blog-opensearch",
            "ebs_options": [
              {
                "ebs_enabled": true,
                "iops": 3000,
                "throughput": 125,
                "volume_size": 20,
                "volume_type": "gp3"
              }
            ],
            "encrypt_at_rest": [
              {
                "enabled": true,
                "kms_key_id": "arn:aws:kms:us-east-1:401744924043:key/bdd96113-ec16-4042-b5cb-965f63d84001"
              }
            ],
            "endpoint": "vpc-laravel-blog-opensearch-x7uhqkiyjq5ybtmhn2xtnlwusa.us-east-1.es.amazonaws.com",
            "endpoint_v2": null,
            "engine_version": "OpenSearch_2.3",
            "id": "arn:aws:es:us-east-1:401744924043:domain/laravel-blog-opensearch",
            "ip_address_type": "ipv4",
            "kibana_endpoint": "vpc-laravel-blog-opensearch-x7uhqkiyjq5ybtmhn2xtnlwusa.us-east-1.es.amazonaws.com/_plugin/kibana/",
            "log_publishing_options": [
              {
                "cloudwatch_log_group_arn": "arn:aws:logs:us-east-1:401744924043:log-group:/aws/opensearch/domains/laravel-blog-opensearch/application-logs",
                "enabled": true,
                "log_type": "ES_APPLICATION_LOGS"
              },
              {
                "cloudwatch_log_group_arn": "arn:aws:logs:us-east-1:401744924043:log-group:/aws/opensearch/domains/laravel-blog-opensearch/index-slow-logs",
                "enabled": true,
                "log_type": "INDEX_SLOW_LOGS"
              },
              {
                "cloudwatch_log_group_arn": "arn:aws:logs:us-east-1:401744924043:log-group:/aws/opensearch/domains/laravel-blog-opensearch/index-slow-logs",
                "enabled": true,
                "log_type": "SEARCH_SLOW_LOGS"
              }
            ],
            "node_to_node_encryption": [
              {
                "enabled": true
              }
            ],
            "off_peak_window_options": [
              {
                "enabled": true,
                "off_peak_window": [
                  {
                    "window_start_time": [
                      {
                        "hours": 2,
                        "minutes": 0
                      }
                    ]
                  }
                ]
              }
            ],
            "snapshot_options": [
              {
                "automated_snapshot_start_hour": 0
              }
            ],
            "software_update_options": [
              {
                "auto_software_update_enabled": false
              }
            ],
            "tags": {
              "Name": "laravel-blog-opensearch"
            },
            "tags_all": {
              "ManagedBy": "Terraform",
              "Name": "laravel-blog-opensearch",
              "Project": "laravel-blog"
            },
            "timeouts": null,
            "vpc_options": [
              {
                "availability_zones": [
                  "us-east-1a"
                ],
                "security_group_ids": [
                  "sg-0043d4b681746cf16"
                ],
                "subnet_ids": [
                  "subnet-09a46c72faa1e2843"
                ],
                "vpc_id": "vpc-0a326050b0509a5a0"
              }
            ]
          },
          "sensitive_attributes": [
            [
              {
                "type": "get_attr",
                "value": "advanced_security_options"
              },
              {
                "type": "index",
                "value": {
                  "value": 0,
                  "type": "number"
                }
              },
              {
                "type": "get_attr",
                "value": "master_user_options"
              },
              {
                "type": "index",
                "value": {
                  "value": 0,
                  "type": "number"
                }
              },
              {
                "type": "get_attr",
                "value": "master_user_password"
              }
            ]
          ],
          "identity_schema_version": 0,
          "private": "eyJlMmJmYjczMC1lY2FhLTExZTYtOGY4OC0zNDM2M2JjN2M0YzAiOnsiY3JlYXRlIjo3MjAwMDAwMDAwMDAwLCJkZWxldGUiOjU0MDAwMDAwMDAwMDAsInVwZGF0ZSI6MTA4MDAwMDAwMDAwMDB9fQ==",
          "dependencies": [
            "aws_cloudwatch_log_group.opensearch",
            "aws_cloudwatch_log_group.opensearch_application",
            "aws_cloudwatch_log_resource_policy.opensearch",
            "aws_iam_service_linked_role.opensearch",
            "aws_security_group.alb",
            "aws_security_group.ecs",
            "aws_security_group.opensearch",
            "aws_subnet.private",
            "aws_vpc.main",
            "data.aws_availability_zones.available",
            "data.aws_iam_policy_document.opensearch_access_policy"
          ]
        }
      ]
    },
    {
      "mode": "managed",
      "type": "aws_route_table",
      "name": "private",
      "provider": "provider[\"registry.terraform.io/hashicorp/aws\"]",
      "instances": [
        {
          "index_key": 0,
          "schema_version": 0,
          "attributes": {
            "arn": "arn:aws:ec2:us-east-1:401744924043:route-table/rtb-019ba0d81e82711e6",
            "id": "rtb-019ba0d81e82711e6",
            "owner_id": "401744924043",
            "propagating_vgws": [],
            "route": [
              {
                "carrier_gateway_id": "",
                "cidr_block": "0.0.0.0/0",
                "core_network_arn": "",
                "destination_prefix_list_id": "",
                "egress_only_gateway_id": "",
                "gateway_id": "",
                "ipv6_cidr_block": "",
                "local_gateway_id": "",
                "nat_gateway_id": "nat-08601035d1681799c",
                "network_interface_id": "",
                "transit_gateway_id": "",
                "vpc_endpoint_id": "",
                "vpc_peering_connection_id": ""
              }
            ],
            "tags": {
              "Name": "laravel-blog-private-rt-1"
            },
            "tags_all": {
              "ManagedBy": "Terraform",
              "Name": "laravel-blog-private-rt-1",
              "Project": "laravel-blog"
            },
            "timeouts": null,
            "vpc_id": "vpc-0a326050b0509a5a0"
          },
          "sensitive_attributes": [],
          "identity_schema_version": 0,
          "private": "eyJlMmJmYjczMC1lY2FhLTExZTYtOGY4OC0zNDM2M2JjN2M0YzAiOnsiY3JlYXRlIjozMDAwMDAwMDAwMDAsImRlbGV0ZSI6MzAwMDAwMDAwMDAwLCJ1cGRhdGUiOjEyMDAwMDAwMDAwMH19",
          "dependencies": [
            "aws_eip.nat",
            "aws_internet_gateway.main",
            "aws_nat_gateway.main",
            "aws_subnet.public",
            "aws_vpc.main",
            "data.aws_availability_zones.available"
          ]
        },
        {
          "index_key": 1,
          "schema_version": 0,
          "attributes": {
            "arn": "arn:aws:ec2:us-east-1:401744924043:route-table/rtb-060612903f07a52bd",
            "id": "rtb-060612903f07a52bd",
            "owner_id": "401744924043",
            "propagating_vgws": [],
            "route": [
              {
                "carrier_gateway_id": "",
                "cidr_block": "0.0.0.0/0",
                "core_network_arn": "",
                "destination_prefix_list_id": "",
                "egress_only_gateway_id": "",
                "gateway_id": "",
                "ipv6_cidr_block": "",
                "local_gateway_id": "",
                "nat_gateway_id": "nat-09dbfda6b8063e090",
                "network_interface_id": "",
                "transit_gateway_id": "",
                "vpc_endpoint_id": "",
                "vpc_peering_connection_id": ""
              }
            ],
            "tags": {
              "Name": "laravel-blog-private-rt-2"
            },
            "tags_all": {
              "ManagedBy": "Terraform",
              "Name": "laravel-blog-private-rt-2",
              "Project": "laravel-blog"
            },
            "timeouts": null,
            "vpc_id": "vpc-0a326050b0509a5a0"
          },
          "sensitive_attributes": [],
          "identity_schema_version": 0,
          "private": "eyJlMmJmYjczMC1lY2FhLTExZTYtOGY4OC0zNDM2M2JjN2M0YzAiOnsiY3JlYXRlIjozMDAwMDAwMDAwMDAsImRlbGV0ZSI6MzAwMDAwMDAwMDAwLCJ1cGRhdGUiOjEyMDAwMDAwMDAwMH19",
          "dependencies": [
            "aws_eip.nat",
            "aws_internet_gateway.main",
            "aws_nat_gateway.main",
            "aws_subnet.public",
            "aws_vpc.main",
            "data.aws_availability_zones.available"
          ]
        }
      ]
    },
    {
      "mode": "managed",
      "type": "aws_route_table",
      "name": "public",
      "provider": "provider[\"registry.terraform.io/hashicorp/aws\"]",
      "instances": [
        {
          "schema_version": 0,
          "attributes": {
            "arn": "arn:aws:ec2:us-east-1:401744924043:route-table/rtb-08a53aa0b19045cf1",
            "id": "rtb-08a53aa0b19045cf1",
            "owner_id": "401744924043",
            "propagating_vgws": [],
            "route": [
              {
                "carrier_gateway_id": "",
                "cidr_block": "0.0.0.0/0",
                "core_network_arn": "",
                "destination_prefix_list_id": "",
                "egress_only_gateway_id": "",
                "gateway_id": "igw-082159be83fdfe9de",
                "ipv6_cidr_block": "",
                "local_gateway_id": "",
                "nat_gateway_id": "",
                "network_interface_id": "",
                "transit_gateway_id": "",
                "vpc_endpoint_id": "",
                "vpc_peering_connection_id": ""
              }
            ],
            "tags": {
              "Name": "laravel-blog-public-rt"
            },
            "tags_all": {
              "ManagedBy": "Terraform",
              "Name": "laravel-blog-public-rt",
              "Project": "laravel-blog"
            },
            "timeouts": null,
            "vpc_id": "vpc-0a326050b0509a5a0"
          },
          "sensitive_attributes": [],
          "identity_schema_version": 0,
          "private": "eyJlMmJmYjczMC1lY2FhLTExZTYtOGY4OC0zNDM2M2JjN2M0YzAiOnsiY3JlYXRlIjozMDAwMDAwMDAwMDAsImRlbGV0ZSI6MzAwMDAwMDAwMDAwLCJ1cGRhdGUiOjEyMDAwMDAwMDAwMH19",
          "dependencies": [
            "aws_internet_gateway.main",
            "aws_vpc.main"
          ]
        }
      ]
    },
    {
      "mode": "managed",
      "type": "aws_route_table_association",
      "name": "private",
      "provider": "provider[\"registry.terraform.io/hashicorp/aws\"]",
      "instances": [
        {
          "index_key": 0,
          "schema_version": 0,
          "attributes": {
            "gateway_id": "",
            "id": "rtbassoc-06bd3109948df6f98",
            "route_table_id": "rtb-019ba0d81e82711e6",
            "subnet_id": "subnet-09a46c72faa1e2843",
            "timeouts": null
          },
          "sensitive_attributes": [],
          "identity_schema_version": 0,
          "private": "eyJlMmJmYjczMC1lY2FhLTExZTYtOGY4OC0zNDM2M2JjN2M0YzAiOnsiY3JlYXRlIjozMDAwMDAwMDAwMDAsImRlbGV0ZSI6MzAwMDAwMDAwMDAwLCJ1cGRhdGUiOjEyMDAwMDAwMDAwMH19",
          "dependencies": [
            "aws_eip.nat",
            "aws_internet_gateway.main",
            "aws_nat_gateway.main",
            "aws_route_table.private",
            "aws_subnet.private",
            "aws_subnet.public",
            "aws_vpc.main",
            "data.aws_availability_zones.available"
          ]
        },
        {
          "index_key": 1,
          "schema_version": 0,
          "attributes": {
            "gateway_id": "",
            "id": "rtbassoc-012b0d723c68c7319",
            "route_table_id": "rtb-060612903f07a52bd",
            "subnet_id": "subnet-06bbf053ef59f7a19",
            "timeouts": null
          },
          "sensitive_attributes": [],
          "identity_schema_version": 0,
          "private": "eyJlMmJmYjczMC1lY2FhLTExZTYtOGY4OC0zNDM2M2JjN2M0YzAiOnsiY3JlYXRlIjozMDAwMDAwMDAwMDAsImRlbGV0ZSI6MzAwMDAwMDAwMDAwLCJ1cGRhdGUiOjEyMDAwMDAwMDAwMH19",
          "dependencies": [
            "aws_eip.nat",
            "aws_internet_gateway.main",
            "aws_nat_gateway.main",
            "aws_route_table.private",
            "aws_subnet.private",
            "aws_subnet.public",
            "aws_vpc.main",
            "data.aws_availability_zones.available"
          ]
        }
      ]
    },
    {
      "mode": "managed",
      "type": "aws_route_table_association",
      "name": "public",
      "provider": "provider[\"registry.terraform.io/hashicorp/aws\"]",
      "instances": [
        {
          "index_key": 0,
          "schema_version": 0,
          "attributes": {
            "gateway_id": "",
            "id": "rtbassoc-0d024776b07c1218c",
            "route_table_id": "rtb-08a53aa0b19045cf1",
            "subnet_id": "subnet-0b349d6b1a08aa6d8",
            "timeouts": null
          },
          "sensitive_attributes": [],
          "identity_schema_version": 0,
          "private": "eyJlMmJmYjczMC1lY2FhLTExZTYtOGY4OC0zNDM2M2JjN2M0YzAiOnsiY3JlYXRlIjozMDAwMDAwMDAwMDAsImRlbGV0ZSI6MzAwMDAwMDAwMDAwLCJ1cGRhdGUiOjEyMDAwMDAwMDAwMH19",
          "dependencies": [
            "aws_internet_gateway.main",
            "aws_route_table.public",
            "aws_subnet.public",
            "aws_vpc.main",
            "data.aws_availability_zones.available"
          ]
        },
        {
          "index_key": 1,
          "schema_version": 0,
          "attributes": {
            "gateway_id": "",
            "id": "rtbassoc-04e829fefe006e5eb",
            "route_table_id": "rtb-08a53aa0b19045cf1",
            "subnet_id": "subnet-08b2c43f022d89b59",
            "timeouts": null
          },
          "sensitive_attributes": [],
          "identity_schema_version": 0,
          "private": "eyJlMmJmYjczMC1lY2FhLTExZTYtOGY4OC0zNDM2M2JjN2M0YzAiOnsiY3JlYXRlIjozMDAwMDAwMDAwMDAsImRlbGV0ZSI6MzAwMDAwMDAwMDAwLCJ1cGRhdGUiOjEyMDAwMDAwMDAwMH19",
          "dependencies": [
            "aws_internet_gateway.main",
            "aws_route_table.public",
            "aws_subnet.public",
            "aws_vpc.main",
            "data.aws_availability_zones.available"
          ]
        }
      ]
    },
    {
      "mode": "managed",
      "type": "aws_s3_bucket",
      "name": "app_storage",
      "provider": "provider[\"registry.terraform.io/hashicorp/aws\"]",
      "instances": [
        {
          "schema_version": 0,
          "attributes": {
            "acceleration_status": "",
            "acl": null,
            "arn": "arn:aws:s3:::laravel-blog-app-storage-cc5fovq5",
            "bucket": "laravel-blog-app-storage-cc5fovq5",
            "bucket_domain_name": "laravel-blog-app-storage-cc5fovq5.s3.amazonaws.com",
            "bucket_prefix": "",
            "bucket_regional_domain_name": "laravel-blog-app-storage-cc5fovq5.s3.us-east-1.amazonaws.com",
            "cors_rule": [
              {
                "allowed_headers": [
                  "*"
                ],
                "allowed_methods": [
                  "POST",
                  "GET",
                  "HEAD",
                  "DELETE",
                  "PUT"
                ],
                "allowed_origins": [
                  "*"
                ],
                "expose_headers": [
                  "ETag"
                ],
                "max_age_seconds": 3000
              }
            ],
            "force_destroy": false,
            "grant": [
              {
                "id": "8a9a9a1d0cdcb0ccabf474ae9f9d97281331900b56fbc65612177a28f41652c4",
                "permissions": [
                  "FULL_CONTROL"
                ],
                "type": "CanonicalUser",
                "uri": ""
              }
            ],
            "hosted_zone_id": "Z3AQBSTGFYJSTF",
            "id": "laravel-blog-app-storage-cc5fovq5",
            "lifecycle_rule": [
              {
                "abort_incomplete_multipart_upload_days": 7,
                "enabled": true,
                "expiration": [],
                "id": "delete_incomplete_multipart_uploads",
                "noncurrent_version_expiration": [],
                "noncurrent_version_transition": [],
                "prefix": "",
                "tags": {},
                "transition": []
              },
              {
                "abort_incomplete_multipart_upload_days": 0,
                "enabled": true,
                "expiration": [],
                "id": "transition_to_ia",
                "noncurrent_version_expiration": [],
                "noncurrent_version_transition": [],
                "prefix": "",
                "tags": {},
                "transition": [
                  {
                    "date": "",
                    "days": 30,
                    "storage_class": "STANDARD_IA"
                  }
                ]
              },
              {
                "abort_incomplete_multipart_upload_days": 0,
                "enabled": true,
                "expiration": [],
                "id": "transition_to_glacier",
                "noncurrent_version_expiration": [],
                "noncurrent_version_transition": [],
                "prefix": "",
                "tags": {},
                "transition": [
                  {
                    "date": "",
                    "days": 90,
                    "storage_class": "GLACIER"
                  }
                ]
              }
            ],
            "logging": [],
            "object_lock_configuration": [],
            "object_lock_enabled": false,
            "policy": "{\"Statement\":[{\"Action\":\"s3:GetObject\",\"Effect\":\"Allow\",\"Principal\":\"*\",\"Resource\":\"arn:aws:s3:::laravel-blog-app-storage-cc5fovq5/public/*\",\"Sid\":\"PublicReadGetObject\"}],\"Version\":\"2012-10-17\"}",
            "region": "us-east-1",
            "replication_configuration": [],
            "request_payer": "BucketOwner",
            "server_side_encryption_configuration": [
              {
                "rule": [
                  {
                    "apply_server_side_encryption_by_default": [
                      {
                        "kms_master_key_id": "",
                        "sse_algorithm": "AES256"
                      }
                    ],
                    "bucket_key_enabled": true
                  }
                ]
              }
            ],
            "tags": {
              "Name": "laravel-blog-app-storage"
            },
            "tags_all": {
              "ManagedBy": "Terraform",
              "Name": "laravel-blog-app-storage",
              "Project": "laravel-blog"
            },
            "timeouts": null,
            "versioning": [
              {
                "enabled": false,
                "mfa_delete": false
              }
            ],
            "website": [],
            "website_domain": null,
            "website_endpoint": null
          },
          "sensitive_attributes": [],
          "identity_schema_version": 0,
          "private": "eyJlMmJmYjczMC1lY2FhLTExZTYtOGY4OC0zNDM2M2JjN2M0YzAiOnsiY3JlYXRlIjoxMjAwMDAwMDAwMDAwLCJkZWxldGUiOjM2MDAwMDAwMDAwMDAsInJlYWQiOjEyMDAwMDAwMDAwMDAsInVwZGF0ZSI6MTIwMDAwMDAwMDAwMH19",
          "dependencies": [
            "random_string.bucket_suffix"
          ]
        }
      ]
    },
    {
      "mode": "managed",
      "type": "aws_s3_bucket_cors_configuration",
      "name": "app_storage",
      "provider": "provider[\"registry.terraform.io/hashicorp/aws\"]",
      "instances": [
        {
          "schema_version": 0,
          "attributes": {
            "bucket": "laravel-blog-app-storage-cc5fovq5",
            "cors_rule": [
              {
                "allowed_headers": [
                  "*"
                ],
                "allowed_methods": [
                  "DELETE",
                  "GET",
                  "HEAD",
                  "POST",
                  "PUT"
                ],
                "allowed_origins": [
                  "*"
                ],
                "expose_headers": [
                  "ETag"
                ],
                "id": "",
                "max_age_seconds": 3000
              }
            ],
            "expected_bucket_owner": "",
            "id": "laravel-blog-app-storage-cc5fovq5"
          },
          "sensitive_attributes": [],
          "identity_schema_version": 0,
          "private": "bnVsbA==",
          "dependencies": [
            "aws_s3_bucket.app_storage",
            "aws_s3_bucket_public_access_block.app_storage",
            "random_string.bucket_suffix"
          ]
        }
      ]
    },
    {
      "mode": "managed",
      "type": "aws_s3_bucket_lifecycle_configuration",
      "name": "app_storage",
      "provider": "provider[\"registry.terraform.io/hashicorp/aws\"]",
      "instances": [
        {
          "index_key": 0,
          "schema_version": 1,
          "attributes": {
            "bucket": "laravel-blog-app-storage-cc5fovq5",
            "expected_bucket_owner": "",
            "id": "laravel-blog-app-storage-cc5fovq5",
            "rule": [
              {
                "abort_incomplete_multipart_upload": [
                  {
                    "days_after_initiation": 7
                  }
                ],
                "expiration": [],
                "filter": [
                  {
                    "and": [],
                    "object_size_greater_than": null,
                    "object_size_less_than": null,
                    "prefix": "",
                    "tag": []
                  }
                ],
                "id": "delete_incomplete_multipart_uploads",
                "noncurrent_version_expiration": [],
                "noncurrent_version_transition": [],
                "prefix": "",
                "status": "Enabled",
                "transition": []
              },
              {
                "abort_incomplete_multipart_upload": [],
                "expiration": [],
                "filter": [
                  {
                    "and": [],
                    "object_size_greater_than": null,
                    "object_size_less_than": null,
                    "prefix": "",
                    "tag": []
                  }
                ],
                "id": "transition_to_ia",
                "noncurrent_version_expiration": [],
                "noncurrent_version_transition": [],
                "prefix": "",
                "status": "Enabled",
                "transition": [
                  {
                    "date": null,
                    "days": 30,
                    "storage_class": "STANDARD_IA"
                  }
                ]
              },
              {
                "abort_incomplete_multipart_upload": [],
                "expiration": [],
                "filter": [
                  {
                    "and": [],
                    "object_size_greater_than": null,
                    "object_size_less_than": null,
                    "prefix": "",
                    "tag": []
                  }
                ],
                "id": "transition_to_glacier",
                "noncurrent_version_expiration": [],
                "noncurrent_version_transition": [],
                "prefix": "",
                "status": "Enabled",
                "transition": [
                  {
                    "date": null,
                    "days": 90,
                    "storage_class": "GLACIER"
                  }
                ]
              }
            ],
            "timeouts": null,
            "transition_default_minimum_object_size": "all_storage_classes_128K"
          },
          "sensitive_attributes": [],
          "identity_schema_version": 0,
          "dependencies": [
            "aws_s3_bucket.app_storage",
            "random_string.bucket_suffix"
          ]
        }
      ]
    },
    {
      "mode": "managed",
      "type": "aws_s3_bucket_policy",
      "name": "app_storage_public_read",
      "provider": "provider[\"registry.terraform.io/hashicorp/aws\"]",
      "instances": [
        {
          "index_key": 0,
          "schema_version": 0,
          "attributes": {
            "bucket": "laravel-blog-app-storage-cc5fovq5",
            "id": "laravel-blog-app-storage-cc5fovq5",
            "policy": "{\"Statement\":[{\"Action\":[\"s3:GetObject\"],\"Effect\":\"Allow\",\"Principal\":\"*\",\"Resource\":\"arn:aws:s3:::laravel-blog-app-storage-cc5fovq5/public/*\",\"Sid\":\"PublicReadGetObject\"}],\"Version\":\"2012-10-17\"}"
          },
          "sensitive_attributes": [],
          "identity_schema_version": 0,
          "private": "bnVsbA==",
          "dependencies": [
            "aws_s3_bucket.app_storage",
            "aws_s3_bucket_public_access_block.app_storage",
            "random_string.bucket_suffix"
          ]
        }
      ]
    },
    {
      "mode": "managed",
      "type": "aws_s3_bucket_public_access_block",
      "name": "app_storage",
      "provider": "provider[\"registry.terraform.io/hashicorp/aws\"]",
      "instances": [
        {
          "schema_version": 0,
          "attributes": {
            "block_public_acls": false,
            "block_public_policy": false,
            "bucket": "laravel-blog-app-storage-cc5fovq5",
            "id": "laravel-blog-app-storage-cc5fovq5",
            "ignore_public_acls": false,
            "restrict_public_buckets": false
          },
          "sensitive_attributes": [],
          "identity_schema_version": 0,
          "private": "bnVsbA==",
          "dependencies": [
            "aws_s3_bucket.app_storage",
            "random_string.bucket_suffix"
          ]
        }
      ]
    },
    {
      "mode": "managed",
      "type": "aws_s3_bucket_server_side_encryption_configuration",
      "name": "app_storage",
      "provider": "provider[\"registry.terraform.io/hashicorp/aws\"]",
      "instances": [
        {
          "schema_version": 0,
          "attributes": {
            "bucket": "laravel-blog-app-storage-cc5fovq5",
            "expected_bucket_owner": "",
            "id": "laravel-blog-app-storage-cc5fovq5",
            "rule": [
              {
                "apply_server_side_encryption_by_default": [
                  {
                    "kms_master_key_id": "",
                    "sse_algorithm": "AES256"
                  }
                ],
                "bucket_key_enabled": true
              }
            ]
          },
          "sensitive_attributes": [],
          "identity_schema_version": 0,
          "private": "bnVsbA==",
          "dependencies": [
            "aws_s3_bucket.app_storage",
            "random_string.bucket_suffix"
          ]
        }
      ]
    },
    {
      "mode": "managed",
      "type": "aws_s3_bucket_versioning",
      "name": "app_storage",
      "provider": "provider[\"registry.terraform.io/hashicorp/aws\"]",
      "instances": [
        {
          "schema_version": 0,
          "attributes": {
            "bucket": "laravel-blog-app-storage-cc5fovq5",
            "expected_bucket_owner": "",
            "id": "laravel-blog-app-storage-cc5fovq5",
            "mfa": null,
            "versioning_configuration": [
              {
                "mfa_delete": "",
                "status": "Disabled"
              }
            ]
          },
          "sensitive_attributes": [],
          "identity_schema_version": 0,
          "private": "bnVsbA==",
          "dependencies": [
            "aws_s3_bucket.app_storage",
            "random_string.bucket_suffix"
          ]
        }
      ]
    },
    {
      "mode": "managed",
      "type": "aws_security_group",
      "name": "alb",
      "provider": "provider[\"registry.terraform.io/hashicorp/aws\"]",
      "instances": [
        {
          "schema_version": 1,
          "attributes": {
            "arn": "arn:aws:ec2:us-east-1:401744924043:security-group/sg-0747488dfa76105b7",
            "description": "Managed by Terraform",
            "egress": [
              {
                "cidr_blocks": [
                  "0.0.0.0/0"
                ],
                "description": "",
                "from_port": 0,
                "ipv6_cidr_blocks": [],
                "prefix_list_ids": [],
                "protocol": "-1",
                "security_groups": [],
                "self": false,
                "to_port": 0
              }
            ],
            "id": "sg-0747488dfa76105b7",
            "ingress": [
              {
                "cidr_blocks": [
                  "0.0.0.0/0"
                ],
                "description": "",
                "from_port": 443,
                "ipv6_cidr_blocks": [],
                "prefix_list_ids": [],
                "protocol": "tcp",
                "security_groups": [],
                "self": false,
                "to_port": 443
              },
              {
                "cidr_blocks": [
                  "0.0.0.0/0"
                ],
                "description": "",
                "from_port": 80,
                "ipv6_cidr_blocks": [],
                "prefix_list_ids": [],
                "protocol": "tcp",
                "security_groups": [],
                "self": false,
                "to_port": 80
              }
            ],
            "name": "laravel-blog-alb-20250622201550850700000005",
            "name_prefix": "laravel-blog-alb-",
            "owner_id": "401744924043",
            "revoke_rules_on_delete": false,
            "tags": {
              "Name": "laravel-blog-alb-sg"
            },
            "tags_all": {
              "ManagedBy": "Terraform",
              "Name": "laravel-blog-alb-sg",
              "Project": "laravel-blog"
            },
            "timeouts": null,
            "vpc_id": "vpc-0a326050b0509a5a0"
          },
          "sensitive_attributes": [],
          "identity_schema_version": 0,
          "private": "eyJlMmJmYjczMC1lY2FhLTExZTYtOGY4OC0zNDM2M2JjN2M0YzAiOnsiY3JlYXRlIjo2MDAwMDAwMDAwMDAsImRlbGV0ZSI6OTAwMDAwMDAwMDAwfSwic2NoZW1hX3ZlcnNpb24iOiIxIn0=",
          "dependencies": [
            "aws_vpc.main"
          ]
        }
      ]
    },
    {
      "mode": "managed",
      "type": "aws_security_group",
      "name": "ecs",
      "provider": "provider[\"registry.terraform.io/hashicorp/aws\"]",
      "instances": [
        {
          "schema_version": 1,
          "attributes": {
            "arn": "arn:aws:ec2:us-east-1:401744924043:security-group/sg-01d1fd8ea10dad6db",
            "description": "Managed by Terraform",
            "egress": [
              {
                "cidr_blocks": [
                  "0.0.0.0/0"
                ],
                "description": "",
                "from_port": 0,
                "ipv6_cidr_blocks": [],
                "prefix_list_ids": [],
                "protocol": "-1",
                "security_groups": [],
                "self": false,
                "to_port": 0
              }
            ],
            "id": "sg-01d1fd8ea10dad6db",
            "ingress": [
              {
                "cidr_blocks": [],
                "description": "",
                "from_port": 80,
                "ipv6_cidr_blocks": [],
                "prefix_list_ids": [],
                "protocol": "tcp",
                "security_groups": [
                  "sg-0747488dfa76105b7"
                ],
                "self": false,
                "to_port": 80
              }
            ],
            "name": "laravel-blog-ecs-20250622201557355000000007",
            "name_prefix": "laravel-blog-ecs-",
            "owner_id": "401744924043",
            "revoke_rules_on_delete": false,
            "tags": {
              "Name": "laravel-blog-ecs-sg"
            },
            "tags_all": {
              "ManagedBy": "Terraform",
              "Name": "laravel-blog-ecs-sg",
              "Project": "laravel-blog"
            },
            "timeouts": null,
            "vpc_id": "vpc-0a326050b0509a5a0"
          },
          "sensitive_attributes": [],
          "identity_schema_version": 0,
          "private": "eyJlMmJmYjczMC1lY2FhLTExZTYtOGY4OC0zNDM2M2JjN2M0YzAiOnsiY3JlYXRlIjo2MDAwMDAwMDAwMDAsImRlbGV0ZSI6OTAwMDAwMDAwMDAwfSwic2NoZW1hX3ZlcnNpb24iOiIxIn0=",
          "dependencies": [
            "aws_security_group.alb",
            "aws_vpc.main"
          ]
        }
      ]
    },
    {
      "mode": "managed",
      "type": "aws_security_group",
      "name": "opensearch",
      "provider": "provider[\"registry.terraform.io/hashicorp/aws\"]",
      "instances": [
        {
          "schema_version": 1,
          "attributes": {
            "arn": "arn:aws:ec2:us-east-1:401744924043:security-group/sg-0043d4b681746cf16",
            "description": "Managed by Terraform",
            "egress": [],
            "id": "sg-0043d4b681746cf16",
            "ingress": [
              {
                "cidr_blocks": [],
                "description": "",
                "from_port": 443,
                "ipv6_cidr_blocks": [],
                "prefix_list_ids": [],
                "protocol": "tcp",
                "security_groups": [
                  "sg-01d1fd8ea10dad6db"
                ],
                "self": false,
                "to_port": 443
              }
            ],
            "name": "laravel-blog-opensearch-20250622201603389000000008",
            "name_prefix": "laravel-blog-opensearch-",
            "owner_id": "401744924043",
            "revoke_rules_on_delete": false,
            "tags": {
              "Name": "laravel-blog-opensearch-sg"
            },
            "tags_all": {
              "ManagedBy": "Terraform",
              "Name": "laravel-blog-opensearch-sg",
              "Project": "laravel-blog"
            },
            "timeouts": null,
            "vpc_id": "vpc-0a326050b0509a5a0"
          },
          "sensitive_attributes": [],
          "identity_schema_version": 0,
          "private": "eyJlMmJmYjczMC1lY2FhLTExZTYtOGY4OC0zNDM2M2JjN2M0YzAiOnsiY3JlYXRlIjo2MDAwMDAwMDAwMDAsImRlbGV0ZSI6OTAwMDAwMDAwMDAwfSwic2NoZW1hX3ZlcnNpb24iOiIxIn0=",
          "dependencies": [
            "aws_security_group.alb",
            "aws_security_group.ecs",
            "aws_vpc.main"
          ]
        }
      ]
    },
    {
      "mode": "managed",
      "type": "aws_security_group",
      "name": "rds",
      "provider": "provider[\"registry.terraform.io/hashicorp/aws\"]",
      "instances": [
        {
          "schema_version": 1,
          "attributes": {
            "arn": "arn:aws:ec2:us-east-1:401744924043:security-group/sg-0111e3cfc94ea6870",
            "description": "Managed by Terraform",
            "egress": [],
            "id": "sg-0111e3cfc94ea6870",
            "ingress": [
              {
                "cidr_blocks": [],
                "description": "",
                "from_port": 3306,
                "ipv6_cidr_blocks": [],
                "prefix_list_ids": [],
                "protocol": "tcp",
                "security_groups": [
                  "sg-01d1fd8ea10dad6db"
                ],
                "self": false,
                "to_port": 3306
              }
            ],
            "name": "laravel-blog-rds-20250622201603389000000009",
            "name_prefix": "laravel-blog-rds-",
            "owner_id": "401744924043",
            "revoke_rules_on_delete": false,
            "tags": {
              "Name": "laravel-blog-rds-sg"
            },
            "tags_all": {
              "ManagedBy": "Terraform",
              "Name": "laravel-blog-rds-sg",
              "Project": "laravel-blog"
            },
            "timeouts": null,
            "vpc_id": "vpc-0a326050b0509a5a0"
          },
          "sensitive_attributes": [],
          "identity_schema_version": 0,
          "private": "eyJlMmJmYjczMC1lY2FhLTExZTYtOGY4OC0zNDM2M2JjN2M0YzAiOnsiY3JlYXRlIjo2MDAwMDAwMDAwMDAsImRlbGV0ZSI6OTAwMDAwMDAwMDAwfSwic2NoZW1hX3ZlcnNpb24iOiIxIn0=",
          "dependencies": [
            "aws_security_group.alb",
            "aws_security_group.ecs",
            "aws_vpc.main"
          ]
        }
      ]
    },
    {
      "mode": "managed",
      "type": "aws_security_group",
      "name": "redis",
      "provider": "provider[\"registry.terraform.io/hashicorp/aws\"]",
      "instances": [
        {
          "schema_version": 1,
          "attributes": {
            "arn": "arn:aws:ec2:us-east-1:401744924043:security-group/sg-0a9a592e3dd3803a3",
            "description": "Managed by Terraform",
            "egress": [],
            "id": "sg-0a9a592e3dd3803a3",
            "ingress": [
              {
                "cidr_blocks": [],
                "description": "",
                "from_port": 6379,
                "ipv6_cidr_blocks": [],
                "prefix_list_ids": [],
                "protocol": "tcp",
                "security_groups": [
                  "sg-01d1fd8ea10dad6db"
                ],
                "self": false,
                "to_port": 6379
              }
            ],
            "name": "laravel-blog-redis-2025062220160338910000000a",
            "name_prefix": "laravel-blog-redis-",
            "owner_id": "401744924043",
            "revoke_rules_on_delete": false,
            "tags": {
              "Name": "laravel-blog-redis-sg"
            },
            "tags_all": {
              "ManagedBy": "Terraform",
              "Name": "laravel-blog-redis-sg",
              "Project": "laravel-blog"
            },
            "timeouts": null,
            "vpc_id": "vpc-0a326050b0509a5a0"
          },
          "sensitive_attributes": [],
          "identity_schema_version": 0,
          "private": "eyJlMmJmYjczMC1lY2FhLTExZTYtOGY4OC0zNDM2M2JjN2M0YzAiOnsiY3JlYXRlIjo2MDAwMDAwMDAwMDAsImRlbGV0ZSI6OTAwMDAwMDAwMDAwfSwic2NoZW1hX3ZlcnNpb24iOiIxIn0=",
          "dependencies": [
            "aws_security_group.alb",
            "aws_security_group.ecs",
            "aws_vpc.main"
          ]
        }
      ]
    },
    {
      "mode": "managed",
      "type": "aws_subnet",
      "name": "private",
      "provider": "provider[\"registry.terraform.io/hashicorp/aws\"]",
      "instances": [
        {
          "index_key": 0,
          "schema_version": 1,
          "attributes": {
            "arn": "arn:aws:ec2:us-east-1:401744924043:subnet/subnet-09a46c72faa1e2843",
            "assign_ipv6_address_on_creation": false,
            "availability_zone": "us-east-1a",
            "availability_zone_id": "use1-az6",
            "cidr_block": "10.0.3.0/24",
            "customer_owned_ipv4_pool": "",
            "enable_dns64": false,
            "enable_lni_at_device_index": 0,
            "enable_resource_name_dns_a_record_on_launch": false,
            "enable_resource_name_dns_aaaa_record_on_launch": false,
            "id": "subnet-09a46c72faa1e2843",
            "ipv6_cidr_block": "",
            "ipv6_cidr_block_association_id": "",
            "ipv6_native": false,
            "map_customer_owned_ip_on_launch": false,
            "map_public_ip_on_launch": false,
            "outpost_arn": "",
            "owner_id": "401744924043",
            "private_dns_hostname_type_on_launch": "ip-name",
            "tags": {
              "Name": "laravel-blog-private-subnet-1"
            },
            "tags_all": {
              "ManagedBy": "Terraform",
              "Name": "laravel-blog-private-subnet-1",
              "Project": "laravel-blog"
            },
            "timeouts": null,
            "vpc_id": "vpc-0a326050b0509a5a0"
          },
          "sensitive_attributes": [],
          "identity_schema_version": 0,
          "private": "eyJlMmJmYjczMC1lY2FhLTExZTYtOGY4OC0zNDM2M2JjN2M0YzAiOnsiY3JlYXRlIjo2MDAwMDAwMDAwMDAsImRlbGV0ZSI6MTIwMDAwMDAwMDAwMH0sInNjaGVtYV92ZXJzaW9uIjoiMSJ9",
          "dependencies": [
            "aws_vpc.main",
            "data.aws_availability_zones.available"
          ]
        },
        {
          "index_key": 1,
          "schema_version": 1,
          "attributes": {
            "arn": "arn:aws:ec2:us-east-1:401744924043:subnet/subnet-06bbf053ef59f7a19",
            "assign_ipv6_address_on_creation": false,
            "availability_zone": "us-east-1b",
            "availability_zone_id": "use1-az1",
            "cidr_block": "10.0.4.0/24",
            "customer_owned_ipv4_pool": "",
            "enable_dns64": false,
            "enable_lni_at_device_index": 0,
            "enable_resource_name_dns_a_record_on_launch": false,
            "enable_resource_name_dns_aaaa_record_on_launch": false,
            "id": "subnet-06bbf053ef59f7a19",
            "ipv6_cidr_block": "",
            "ipv6_cidr_block_association_id": "",
            "ipv6_native": false,
            "map_customer_owned_ip_on_launch": false,
            "map_public_ip_on_launch": false,
            "outpost_arn": "",
            "owner_id": "401744924043",
            "private_dns_hostname_type_on_launch": "ip-name",
            "tags": {
              "Name": "laravel-blog-private-subnet-2"
            },
            "tags_all": {
              "ManagedBy": "Terraform",
              "Name": "laravel-blog-private-subnet-2",
              "Project": "laravel-blog"
            },
            "timeouts": null,
            "vpc_id": "vpc-0a326050b0509a5a0"
          },
          "sensitive_attributes": [],
          "identity_schema_version": 0,
          "private": "eyJlMmJmYjczMC1lY2FhLTExZTYtOGY4OC0zNDM2M2JjN2M0YzAiOnsiY3JlYXRlIjo2MDAwMDAwMDAwMDAsImRlbGV0ZSI6MTIwMDAwMDAwMDAwMH0sInNjaGVtYV92ZXJzaW9uIjoiMSJ9",
          "dependencies": [
            "aws_vpc.main",
            "data.aws_availability_zones.available"
          ]
        }
      ]
    },
    {
      "mode": "managed",
      "type": "aws_subnet",
      "name": "public",
      "provider": "provider[\"registry.terraform.io/hashicorp/aws\"]",
      "instances": [
        {
          "index_key": 0,
          "schema_version": 1,
          "attributes": {
            "arn": "arn:aws:ec2:us-east-1:401744924043:subnet/subnet-0b349d6b1a08aa6d8",
            "assign_ipv6_address_on_creation": false,
            "availability_zone": "us-east-1a",
            "availability_zone_id": "use1-az6",
            "cidr_block": "10.0.1.0/24",
            "customer_owned_ipv4_pool": "",
            "enable_dns64": false,
            "enable_lni_at_device_index": 0,
            "enable_resource_name_dns_a_record_on_launch": false,
            "enable_resource_name_dns_aaaa_record_on_launch": false,
            "id": "subnet-0b349d6b1a08aa6d8",
            "ipv6_cidr_block": "",
            "ipv6_cidr_block_association_id": "",
            "ipv6_native": false,
            "map_customer_owned_ip_on_launch": false,
            "map_public_ip_on_launch": true,
            "outpost_arn": "",
            "owner_id": "401744924043",
            "private_dns_hostname_type_on_launch": "ip-name",
            "tags": {
              "Name": "laravel-blog-public-subnet-1"
            },
            "tags_all": {
              "ManagedBy": "Terraform",
              "Name": "laravel-blog-public-subnet-1",
              "Project": "laravel-blog"
            },
            "timeouts": null,
            "vpc_id": "vpc-0a326050b0509a5a0"
          },
          "sensitive_attributes": [],
          "identity_schema_version": 0,
          "private": "eyJlMmJmYjczMC1lY2FhLTExZTYtOGY4OC0zNDM2M2JjN2M0YzAiOnsiY3JlYXRlIjo2MDAwMDAwMDAwMDAsImRlbGV0ZSI6MTIwMDAwMDAwMDAwMH0sInNjaGVtYV92ZXJzaW9uIjoiMSJ9",
          "dependencies": [
            "aws_vpc.main",
            "data.aws_availability_zones.available"
          ]
        },
        {
          "index_key": 1,
          "schema_version": 1,
          "attributes": {
            "arn": "arn:aws:ec2:us-east-1:401744924043:subnet/subnet-08b2c43f022d89b59",
            "assign_ipv6_address_on_creation": false,
            "availability_zone": "us-east-1b",
            "availability_zone_id": "use1-az1",
            "cidr_block": "10.0.2.0/24",
            "customer_owned_ipv4_pool": "",
            "enable_dns64": false,
            "enable_lni_at_device_index": 0,
            "enable_resource_name_dns_a_record_on_launch": false,
            "enable_resource_name_dns_aaaa_record_on_launch": false,
            "id": "subnet-08b2c43f022d89b59",
            "ipv6_cidr_block": "",
            "ipv6_cidr_block_association_id": "",
            "ipv6_native": false,
            "map_customer_owned_ip_on_launch": false,
            "map_public_ip_on_launch": true,
            "outpost_arn": "",
            "owner_id": "401744924043",
            "private_dns_hostname_type_on_launch": "ip-name",
            "tags": {
              "Name": "laravel-blog-public-subnet-2"
            },
            "tags_all": {
              "ManagedBy": "Terraform",
              "Name": "laravel-blog-public-subnet-2",
              "Project": "laravel-blog"
            },
            "timeouts": null,
            "vpc_id": "vpc-0a326050b0509a5a0"
          },
          "sensitive_attributes": [],
          "identity_schema_version": 0,
          "private": "eyJlMmJmYjczMC1lY2FhLTExZTYtOGY4OC0zNDM2M2JjN2M0YzAiOnsiY3JlYXRlIjo2MDAwMDAwMDAwMDAsImRlbGV0ZSI6MTIwMDAwMDAwMDAwMH0sInNjaGVtYV92ZXJzaW9uIjoiMSJ9",
          "dependencies": [
            "aws_vpc.main",
            "data.aws_availability_zones.available"
          ]
        }
      ]
    },
    {
      "mode": "managed",
      "type": "aws_vpc",
      "name": "main",
      "provider": "provider[\"registry.terraform.io/hashicorp/aws\"]",
      "instances": [
        {
          "schema_version": 1,
          "attributes": {
            "arn": "arn:aws:ec2:us-east-1:401744924043:vpc/vpc-0a326050b0509a5a0",
            "assign_generated_ipv6_cidr_block": false,
            "cidr_block": "10.0.0.0/16",
            "default_network_acl_id": "acl-0002a656495a1c276",
            "default_route_table_id": "rtb-0fb5f498cd6962cfd",
            "default_security_group_id": "sg-01c8c447dc70cfe3c",
            "dhcp_options_id": "dopt-0b33468f9615828d6",
            "enable_dns_hostnames": true,
            "enable_dns_support": true,
            "enable_network_address_usage_metrics": false,
            "id": "vpc-0a326050b0509a5a0",
            "instance_tenancy": "default",
            "ipv4_ipam_pool_id": null,
            "ipv4_netmask_length": null,
            "ipv6_association_id": "",
            "ipv6_cidr_block": "",
            "ipv6_cidr_block_network_border_group": "",
            "ipv6_ipam_pool_id": "",
            "ipv6_netmask_length": 0,
            "main_route_table_id": "rtb-0fb5f498cd6962cfd",
            "owner_id": "401744924043",
            "tags": {
              "Name": "laravel-blog-vpc"
            },
            "tags_all": {
              "ManagedBy": "Terraform",
              "Name": "laravel-blog-vpc",
              "Project": "laravel-blog"
            }
          },
          "sensitive_attributes": [],
          "identity_schema_version": 0,
          "private": "eyJzY2hlbWFfdmVyc2lvbiI6IjEifQ=="
        }
      ]
    },
    {
      "mode": "managed",
      "type": "random_string",
      "name": "bucket_suffix",
      "provider": "provider[\"registry.terraform.io/hashicorp/random\"]",
      "instances": [
        {
          "schema_version": 2,
          "attributes": {
            "id": "cc5fovq5",
            "keepers": null,
            "length": 8,
            "lower": true,
            "min_lower": 0,
            "min_numeric": 0,
            "min_special": 0,
            "min_upper": 0,
            "number": true,
            "numeric": true,
            "override_special": null,
            "result": "cc5fovq5",
            "special": false,
            "upper": false
          },
          "sensitive_attributes": [],
          "identity_schema_version": 0
        }
      ]
    }
  ],
  "check_results": null
}
